// !$*UTF8*$!
{
	archiveVersion = 1;
	classes = {
	};
	objectVersion = 46;
	objects = {

/* Begin PBXBuildFile section */
		6D46ED651A6B5CA1004DBD7E /* neworderin05.m4a in Resources */ = {isa = PBXBuildFile; fileRef = 6D46ED641A6B5CA1004DBD7E /* neworderin05.m4a */; };
		6D46ED761A6B5CC0004DBD7E /* 新.png in Resources */ = {isa = PBXBuildFile; fileRef = 6D46ED661A6B5CC0004DBD7E /* 新.png */; };
		6D46ED771A6B5CC0004DBD7E /* 订单号背景.png in Resources */ = {isa = PBXBuildFile; fileRef = 6D46ED671A6B5CC0004DBD7E /* 订单号背景.png */; };
		6D46ED781A6B5CC0004DBD7E /* 订单.png in Resources */ = {isa = PBXBuildFile; fileRef = 6D46ED681A6B5CC0004DBD7E /* 订单.png */; };
		6D46ED791A6B5CC0004DBD7E /* 订单1.png in Resources */ = {isa = PBXBuildFile; fileRef = 6D46ED691A6B5CC0004DBD7E /* 订单1.png */; };
		6D46ED7A1A6B5CC0004DBD7E /* 设置.png in Resources */ = {isa = PBXBuildFile; fileRef = 6D46ED6A1A6B5CC0004DBD7E /* 设置.png */; };
		6D46ED7B1A6B5CC0004DBD7E /* 设置1.png in Resources */ = {isa = PBXBuildFile; fileRef = 6D46ED6B1A6B5CC0004DBD7E /* 设置1.png */; };
		6D46ED7C1A6B5CC0004DBD7E /* 搜索.png in Resources */ = {isa = PBXBuildFile; fileRef = 6D46ED6C1A6B5CC0004DBD7E /* 搜索.png */; };
		6D46ED7D1A6B5CC0004DBD7E /* 搜索1.png in Resources */ = {isa = PBXBuildFile; fileRef = 6D46ED6D1A6B5CC0004DBD7E /* 搜索1.png */; };
		6D46ED7E1A6B5CC0004DBD7E /* 左.png in Resources */ = {isa = PBXBuildFile; fileRef = 6D46ED6E1A6B5CC0004DBD7E /* 左.png */; };
		6D46ED7F1A6B5CC0004DBD7E /* 右.png in Resources */ = {isa = PBXBuildFile; fileRef = 6D46ED6F1A6B5CC0004DBD7E /* 右.png */; };
		6D46ED811A6B5CC0004DBD7E /* 提示点消息@2x.png in Resources */ = {isa = PBXBuildFile; fileRef = 6D46ED711A6B5CC0004DBD7E /* 提示点消息@2x.png */; };
		6D46ED821A6B5CC0004DBD7E /* nav@2x.png in Resources */ = {isa = PBXBuildFile; fileRef = 6D46ED721A6B5CC0004DBD7E /* nav@2x.png */; };
		6D46ED831A6B5CC0004DBD7E /* Back@2x.png in Resources */ = {isa = PBXBuildFile; fileRef = 6D46ED731A6B5CC0004DBD7E /* Back@2x.png */; };
		6D46ED841A6B5CC0004DBD7E /* 发送.png in Resources */ = {isa = PBXBuildFile; fileRef = 6D46ED741A6B5CC0004DBD7E /* 发送.png */; };
		6D46ED851A6B5CC0004DBD7E /* st_refresh@2x.png in Resources */ = {isa = PBXBuildFile; fileRef = 6D46ED751A6B5CC0004DBD7E /* st_refresh@2x.png */; };
		6D46EE651A6B5D4A004DBD7E /* LaunchScreen.xib in Resources */ = {isa = PBXBuildFile; fileRef = 6D46EE641A6B5D4A004DBD7E /* LaunchScreen.xib */; };
		6D46EE741A6B609D004DBD7E /* Icon.png in Resources */ = {isa = PBXBuildFile; fileRef = 6D46EE6A1A6B609D004DBD7E /* Icon.png */; };
		6D46EE781A6B609D004DBD7E /* Icon@2x.png in Resources */ = {isa = PBXBuildFile; fileRef = 6D46EE6E1A6B609D004DBD7E /* Icon@2x.png */; };
		6D46EE791A6B609D004DBD7E /* Icon@3x.png in Resources */ = {isa = PBXBuildFile; fileRef = 6D46EE6F1A6B609D004DBD7E /* Icon@3x.png */; };
		6D46EF261A6B7624004DBD7E /* PDHTTPEngine.m in Sources */ = {isa = PBXBuildFile; fileRef = 6D46EE8C1A6B7624004DBD7E /* PDHTTPEngine.m */; };
		6D46EF271A6B7624004DBD7E /* PDBaseModel.m in Sources */ = {isa = PBXBuildFile; fileRef = 6D46EE8F1A6B7624004DBD7E /* PDBaseModel.m */; };
		6D46EF281A6B7624004DBD7E /* PDOrderModel.m in Sources */ = {isa = PBXBuildFile; fileRef = 6D46EE911A6B7624004DBD7E /* PDOrderModel.m */; };
		6D46EF291A6B7624004DBD7E /* AFHTTPRequestOperation.m in Sources */ = {isa = PBXBuildFile; fileRef = 6D46EE951A6B7624004DBD7E /* AFHTTPRequestOperation.m */; };
		6D46EF2A1A6B7624004DBD7E /* AFHTTPRequestOperationManager.m in Sources */ = {isa = PBXBuildFile; fileRef = 6D46EE971A6B7624004DBD7E /* AFHTTPRequestOperationManager.m */; };
		6D46EF2B1A6B7624004DBD7E /* AFHTTPSessionManager.m in Sources */ = {isa = PBXBuildFile; fileRef = 6D46EE991A6B7624004DBD7E /* AFHTTPSessionManager.m */; };
		6D46EF2C1A6B7624004DBD7E /* AFNetworkReachabilityManager.m in Sources */ = {isa = PBXBuildFile; fileRef = 6D46EE9C1A6B7624004DBD7E /* AFNetworkReachabilityManager.m */; };
		6D46EF2D1A6B7624004DBD7E /* AFSecurityPolicy.m in Sources */ = {isa = PBXBuildFile; fileRef = 6D46EE9E1A6B7624004DBD7E /* AFSecurityPolicy.m */; };
		6D46EF2E1A6B7624004DBD7E /* AFURLConnectionOperation.m in Sources */ = {isa = PBXBuildFile; fileRef = 6D46EEA01A6B7624004DBD7E /* AFURLConnectionOperation.m */; };
		6D46EF2F1A6B7624004DBD7E /* AFURLRequestSerialization.m in Sources */ = {isa = PBXBuildFile; fileRef = 6D46EEA21A6B7624004DBD7E /* AFURLRequestSerialization.m */; };
		6D46EF301A6B7624004DBD7E /* AFURLResponseSerialization.m in Sources */ = {isa = PBXBuildFile; fileRef = 6D46EEA41A6B7624004DBD7E /* AFURLResponseSerialization.m */; };
		6D46EF311A6B7624004DBD7E /* AFURLSessionManager.m in Sources */ = {isa = PBXBuildFile; fileRef = 6D46EEA61A6B7624004DBD7E /* AFURLSessionManager.m */; };
		6D46EF321A6B7624004DBD7E /* AFNetworkActivityIndicatorManager.m in Sources */ = {isa = PBXBuildFile; fileRef = 6D46EEA91A6B7624004DBD7E /* AFNetworkActivityIndicatorManager.m */; };
		6D46EF331A6B7624004DBD7E /* UIActivityIndicatorView+AFNetworking.m in Sources */ = {isa = PBXBuildFile; fileRef = 6D46EEAB1A6B7624004DBD7E /* UIActivityIndicatorView+AFNetworking.m */; };
		6D46EF341A6B7624004DBD7E /* UIAlertView+AFNetworking.m in Sources */ = {isa = PBXBuildFile; fileRef = 6D46EEAD1A6B7624004DBD7E /* UIAlertView+AFNetworking.m */; };
		6D46EF351A6B7624004DBD7E /* UIButton+AFNetworking.m in Sources */ = {isa = PBXBuildFile; fileRef = 6D46EEAF1A6B7624004DBD7E /* UIButton+AFNetworking.m */; };
		6D46EF361A6B7624004DBD7E /* UIImageView+AFNetworking.m in Sources */ = {isa = PBXBuildFile; fileRef = 6D46EEB11A6B7624004DBD7E /* UIImageView+AFNetworking.m */; };
		6D46EF371A6B7624004DBD7E /* UIProgressView+AFNetworking.m in Sources */ = {isa = PBXBuildFile; fileRef = 6D46EEB41A6B7624004DBD7E /* UIProgressView+AFNetworking.m */; };
		6D46EF381A6B7624004DBD7E /* UIRefreshControl+AFNetworking.m in Sources */ = {isa = PBXBuildFile; fileRef = 6D46EEB61A6B7624004DBD7E /* UIRefreshControl+AFNetworking.m */; };
		6D46EF391A6B7624004DBD7E /* UIWebView+AFNetworking.m in Sources */ = {isa = PBXBuildFile; fileRef = 6D46EEB81A6B7624004DBD7E /* UIWebView+AFNetworking.m */; };
		6D46EF3A1A6B7624004DBD7E /* EGOCache.m in Sources */ = {isa = PBXBuildFile; fileRef = 6D46EEBC1A6B7624004DBD7E /* EGOCache.m */; settings = {COMPILER_FLAGS = "-fno-objc-arc"; }; };
		6D46EF3B1A6B7624004DBD7E /* EGOImageButton.m in Sources */ = {isa = PBXBuildFile; fileRef = 6D46EEBF1A6B7624004DBD7E /* EGOImageButton.m */; settings = {COMPILER_FLAGS = "-fno-objc-arc"; }; };
		6D46EF3C1A6B7624004DBD7E /* EGOImageLoadConnection.m in Sources */ = {isa = PBXBuildFile; fileRef = 6D46EEC21A6B7624004DBD7E /* EGOImageLoadConnection.m */; settings = {COMPILER_FLAGS = "-fno-objc-arc"; }; };
		6D46EF3D1A6B7624004DBD7E /* EGOImageLoader.m in Sources */ = {isa = PBXBuildFile; fileRef = 6D46EEC41A6B7624004DBD7E /* EGOImageLoader.m */; settings = {COMPILER_FLAGS = "-fno-objc-arc"; }; };
		6D46EF3E1A6B7624004DBD7E /* EGOImageView.m in Sources */ = {isa = PBXBuildFile; fileRef = 6D46EEC71A6B7624004DBD7E /* EGOImageView.m */; settings = {COMPILER_FLAGS = "-fno-objc-arc"; }; };
		6D46EF3F1A6B7624004DBD7E /* JSONJoy.m in Sources */ = {isa = PBXBuildFile; fileRef = 6D46EECA1A6B7624004DBD7E /* JSONJoy.m */; };
		6D46EF401A6B7624004DBD7E /* README.md in Sources */ = {isa = PBXBuildFile; fileRef = 6D46EECB1A6B7624004DBD7E /* README.md */; };
		6D46EF411A6B7624004DBD7E /* Lockbox.m in Sources */ = {isa = PBXBuildFile; fileRef = 6D46EECE1A6B7624004DBD7E /* Lockbox.m */; };
		6D46EF421A6B7624004DBD7E /* MMDrawerBarButtonItem.m in Sources */ = {isa = PBXBuildFile; fileRef = 6D46EED11A6B7624004DBD7E /* MMDrawerBarButtonItem.m */; };
		6D46EF431A6B7624004DBD7E /* MMDrawerController.m in Sources */ = {isa = PBXBuildFile; fileRef = 6D46EED31A6B7624004DBD7E /* MMDrawerController.m */; };
		6D46EF441A6B7624004DBD7E /* MMDrawerVisualState.m in Sources */ = {isa = PBXBuildFile; fileRef = 6D46EED51A6B7624004DBD7E /* MMDrawerVisualState.m */; };
		6D46EF451A6B7624004DBD7E /* MMExampleDrawerVisualStateManager.m in Sources */ = {isa = PBXBuildFile; fileRef = 6D46EED71A6B7624004DBD7E /* MMExampleDrawerVisualStateManager.m */; };
		6D46EF461A6B7624004DBD7E /* UIViewController+MMDrawerController.m in Sources */ = {isa = PBXBuildFile; fileRef = 6D46EED91A6B7624004DBD7E /* UIViewController+MMDrawerController.m */; };
		6D46EF471A6B7624004DBD7E /* SVIndefiniteAnimatedView.m in Sources */ = {isa = PBXBuildFile; fileRef = 6D46EEDC1A6B7624004DBD7E /* SVIndefiniteAnimatedView.m */; };
		6D46EF481A6B7624004DBD7E /* SVProgressHUD.bundle in Resources */ = {isa = PBXBuildFile; fileRef = 6D46EEDE1A6B7624004DBD7E /* SVProgressHUD.bundle */; };
		6D46EF491A6B7624004DBD7E /* SVProgressHUD.m in Sources */ = {isa = PBXBuildFile; fileRef = 6D46EEE01A6B7624004DBD7E /* SVProgressHUD.m */; };
		6D46EF4A1A6B7624004DBD7E /* UIScrollView+SVInfiniteScrolling.m in Sources */ = {isa = PBXBuildFile; fileRef = 6D46EEE41A6B7624004DBD7E /* UIScrollView+SVInfiniteScrolling.m */; };
		6D46EF4B1A6B7624004DBD7E /* UIScrollView+SVPullToRefresh.m in Sources */ = {isa = PBXBuildFile; fileRef = 6D46EEE61A6B7624004DBD7E /* UIScrollView+SVPullToRefresh.m */; };
		6D46EF4C1A6B7624004DBD7E /* NSDate+convenience.m in Sources */ = {isa = PBXBuildFile; fileRef = 6D46EEE91A6B7624004DBD7E /* NSDate+convenience.m */; settings = {COMPILER_FLAGS = "-fno-objc-arc"; }; };
		6D46EF4D1A6B7624004DBD7E /* NSMutableArray+convenience.m in Sources */ = {isa = PBXBuildFile; fileRef = 6D46EEEB1A6B7624004DBD7E /* NSMutableArray+convenience.m */; settings = {COMPILER_FLAGS = "-fno-objc-arc"; }; };
		6D46EF4E1A6B7624004DBD7E /* UIColor+expanded.m in Sources */ = {isa = PBXBuildFile; fileRef = 6D46EEED1A6B7624004DBD7E /* UIColor+expanded.m */; settings = {COMPILER_FLAGS = "-fno-objc-arc"; }; };
		6D46EF4F1A6B7624004DBD7E /* UIView+convenience.m in Sources */ = {isa = PBXBuildFile; fileRef = 6D46EEEF1A6B7624004DBD7E /* UIView+convenience.m */; settings = {COMPILER_FLAGS = "-fno-objc-arc"; }; };
		6D46EF501A6B7624004DBD7E /* VRGCalendarView.m in Sources */ = {isa = PBXBuildFile; fileRef = 6D46EEF11A6B7624004DBD7E /* VRGCalendarView.m */; settings = {COMPILER_FLAGS = "-fno-objc-arc"; }; };
		6D46EF511A6B7624004DBD7E /* PDBaseTableViewCell.m in Sources */ = {isa = PBXBuildFile; fileRef = 6D46EEF51A6B7624004DBD7E /* PDBaseTableViewCell.m */; };
		6D46EF521A6B7624004DBD7E /* PDBaseTableViewController.m in Sources */ = {isa = PBXBuildFile; fileRef = 6D46EEF71A6B7624004DBD7E /* PDBaseTableViewController.m */; };
		6D46EF531A6B7624004DBD7E /* PDBaseViewController.m in Sources */ = {isa = PBXBuildFile; fileRef = 6D46EEF91A6B7624004DBD7E /* PDBaseViewController.m */; };
		6D46EF541A6B7624004DBD7E /* PDFindPasswordViewController.m in Sources */ = {isa = PBXBuildFile; fileRef = 6D46EEFD1A6B7624004DBD7E /* PDFindPasswordViewController.m */; };
		6D46EF551A6B7624004DBD7E /* PDLoginViewController.m in Sources */ = {isa = PBXBuildFile; fileRef = 6D46EEFF1A6B7624004DBD7E /* PDLoginViewController.m */; };
		6D46EF561A6B7624004DBD7E /* PDRegisterViewController.m in Sources */ = {isa = PBXBuildFile; fileRef = 6D46EF021A6B7624004DBD7E /* PDRegisterViewController.m */; };
		6D46EF571A6B7624004DBD7E /* PDAllOrderTableViewController.m in Sources */ = {isa = PBXBuildFile; fileRef = 6D46EF071A6B7624004DBD7E /* PDAllOrderTableViewController.m */; };
		6D46EF581A6B7624004DBD7E /* PDOrderInquiryTableViewController.m in Sources */ = {isa = PBXBuildFile; fileRef = 6D46EF091A6B7624004DBD7E /* PDOrderInquiryTableViewController.m */; };
		6D46EF591A6B7624004DBD7E /* PDMainViewController.m in Sources */ = {isa = PBXBuildFile; fileRef = 6D46EF0B1A6B7624004DBD7E /* PDMainViewController.m */; };
		6D46EF5A1A6B7624004DBD7E /* PDSettingsViewController.m in Sources */ = {isa = PBXBuildFile; fileRef = 6D46EF0E1A6B7624004DBD7E /* PDSettingsViewController.m */; };
		6D46EF5B1A6B7624004DBD7E /* PDOrderCell.m in Sources */ = {isa = PBXBuildFile; fileRef = 6D46EF111A6B7624004DBD7E /* PDOrderCell.m */; };
		6D46EF5C1A6B7624004DBD7E /* PDTodayOrderTableViewController.m in Sources */ = {isa = PBXBuildFile; fileRef = 6D46EF131A6B7624004DBD7E /* PDTodayOrderTableViewController.m */; };
		6D46EF5D1A6B7624004DBD7E /* NSString+Utils.m in Sources */ = {isa = PBXBuildFile; fileRef = 6D46EF161A6B7624004DBD7E /* NSString+Utils.m */; };
		6D46EF5E1A6B7624004DBD7E /* UIActionSheet+Utils.m in Sources */ = {isa = PBXBuildFile; fileRef = 6D46EF191A6B7624004DBD7E /* UIActionSheet+Utils.m */; };
		6D46EF5F1A6B7624004DBD7E /* UIAlertView+Utils.m in Sources */ = {isa = PBXBuildFile; fileRef = 6D46EF1B1A6B7624004DBD7E /* UIAlertView+Utils.m */; };
		6D46EF601A6B7624004DBD7E /* UIColor+Utils.m in Sources */ = {isa = PBXBuildFile; fileRef = 6D46EF1D1A6B7624004DBD7E /* UIColor+Utils.m */; };
		6D46EF611A6B7624004DBD7E /* UIControl+Utils.m in Sources */ = {isa = PBXBuildFile; fileRef = 6D46EF1F1A6B7624004DBD7E /* UIControl+Utils.m */; };
		6D46EF621A6B7624004DBD7E /* UIDevice+Utitls.m in Sources */ = {isa = PBXBuildFile; fileRef = 6D46EF211A6B7624004DBD7E /* UIDevice+Utitls.m */; };
		6D46EF631A6B7624004DBD7E /* UIImage+Utils.m in Sources */ = {isa = PBXBuildFile; fileRef = 6D46EF231A6B7624004DBD7E /* UIImage+Utils.m */; };
		6D46EF641A6B7624004DBD7E /* UIView+Utils.m in Sources */ = {isa = PBXBuildFile; fileRef = 6D46EF251A6B7624004DBD7E /* UIView+Utils.m */; };
		6D7F5E8F1A46B66300B634C7 /* main.m in Sources */ = {isa = PBXBuildFile; fileRef = 6D7F5E8E1A46B66300B634C7 /* main.m */; };
		6D7F5E921A46B66300B634C7 /* AppDelegate.m in Sources */ = {isa = PBXBuildFile; fileRef = 6D7F5E911A46B66300B634C7 /* AppDelegate.m */; };
		6D7F5E9A1A46B66300B634C7 /* Images.xcassets in Resources */ = {isa = PBXBuildFile; fileRef = 6D7F5E991A46B66300B634C7 /* Images.xcassets */; };
		6D7F5EA91A46B66300B634C7 /* PDLogisticsTests.m in Sources */ = {isa = PBXBuildFile; fileRef = 6D7F5EA81A46B66300B634C7 /* PDLogisticsTests.m */; };
		6DBD88B81A6D4EF000438897 /* libz.dylib in Frameworks */ = {isa = PBXBuildFile; fileRef = 6DBD88B01A6D4EF000438897 /* libz.dylib */; };
		6DBD88B91A6D4EF000438897 /* UIKit.framework in Frameworks */ = {isa = PBXBuildFile; fileRef = 6DBD88B11A6D4EF000438897 /* UIKit.framework */; };
		6DBD88BA1A6D4EF000438897 /* Foundation.framework in Frameworks */ = {isa = PBXBuildFile; fileRef = 6DBD88B21A6D4EF000438897 /* Foundation.framework */; };
		6DBD88BB1A6D4EF000438897 /* CoreGraphics.framework in Frameworks */ = {isa = PBXBuildFile; fileRef = 6DBD88B31A6D4EF000438897 /* CoreGraphics.framework */; };
		6DBD88BC1A6D4EF000438897 /* SystemConfiguration.framework in Frameworks */ = {isa = PBXBuildFile; fileRef = 6DBD88B41A6D4EF000438897 /* SystemConfiguration.framework */; };
		6DBD88BD1A6D4EF000438897 /* CoreTelephony.framework in Frameworks */ = {isa = PBXBuildFile; fileRef = 6DBD88B51A6D4EF000438897 /* CoreTelephony.framework */; };
		6DBD88BE1A6D4EF000438897 /* CoreFoundation.framework in Frameworks */ = {isa = PBXBuildFile; fileRef = 6DBD88B61A6D4EF000438897 /* CoreFoundation.framework */; };
		6DBD88BF1A6D4EF000438897 /* CFNetwork.framework in Frameworks */ = {isa = PBXBuildFile; fileRef = 6DBD88B71A6D4EF000438897 /* CFNetwork.framework */; };
		6DBD88C31A6D500D00438897 /* PushConfig.plist in Resources */ = {isa = PBXBuildFile; fileRef = 6DBD88C21A6D500D00438897 /* PushConfig.plist */; };
		6DBD88D11A6D644600438897 /* libPushSDK-1.8.2.a in Frameworks */ = {isa = PBXBuildFile; fileRef = 6DBD88D01A6D644600438897 /* libPushSDK-1.8.2.a */; };
		6DBD88D31A6D64EA00438897 /* neworderin05.wav in Resources */ = {isa = PBXBuildFile; fileRef = 6DBD88D21A6D64EA00438897 /* neworderin05.wav */; };
		6DE698061A752E13004AF9F7 /* Reachability.m in Sources */ = {isa = PBXBuildFile; fileRef = 6DE698051A752E13004AF9F7 /* Reachability.m */; settings = {COMPILER_FLAGS = "-fno-objc-arc"; }; };
		6DE698091A753E6D004AF9F7 /* UILable+Utils.m in Sources */ = {isa = PBXBuildFile; fileRef = 6DE698081A753E6D004AF9F7 /* UILable+Utils.m */; };
		6DEB46781A5660D9002B2E84 /* 2.png in Resources */ = {isa = PBXBuildFile; fileRef = 6DEB46771A5660D9002B2E84 /* 2.png */; };
/* End PBXBuildFile section */

/* Begin PBXContainerItemProxy section */
		6D7F5EA31A46B66300B634C7 /* PBXContainerItemProxy */ = {
			isa = PBXContainerItemProxy;
			containerPortal = 6D7F5E811A46B66300B634C7 /* Project object */;
			proxyType = 1;
			remoteGlobalIDString = 6D7F5E881A46B66300B634C7;
			remoteInfo = PDLogistics;
		};
/* End PBXContainerItemProxy section */

/* Begin PBXFileReference section */
		6D46ED641A6B5CA1004DBD7E /* neworderin05.m4a */ = {isa = PBXFileReference; lastKnownFileType = file; path = neworderin05.m4a; sourceTree = "<group>"; };
		6D46ED661A6B5CC0004DBD7E /* 新.png */ = {isa = PBXFileReference; lastKnownFileType = image.png; path = "新.png"; sourceTree = "<group>"; };
		6D46ED671A6B5CC0004DBD7E /* 订单号背景.png */ = {isa = PBXFileReference; lastKnownFileType = image.png; path = "订单号背景.png"; sourceTree = "<group>"; };
		6D46ED681A6B5CC0004DBD7E /* 订单.png */ = {isa = PBXFileReference; lastKnownFileType = image.png; path = "订单.png"; sourceTree = "<group>"; };
		6D46ED691A6B5CC0004DBD7E /* 订单1.png */ = {isa = PBXFileReference; lastKnownFileType = image.png; path = "订单1.png"; sourceTree = "<group>"; };
		6D46ED6A1A6B5CC0004DBD7E /* 设置.png */ = {isa = PBXFileReference; lastKnownFileType = image.png; path = "设置.png"; sourceTree = "<group>"; };
		6D46ED6B1A6B5CC0004DBD7E /* 设置1.png */ = {isa = PBXFileReference; lastKnownFileType = image.png; path = "设置1.png"; sourceTree = "<group>"; };
		6D46ED6C1A6B5CC0004DBD7E /* 搜索.png */ = {isa = PBXFileReference; lastKnownFileType = image.png; path = "搜索.png"; sourceTree = "<group>"; };
		6D46ED6D1A6B5CC0004DBD7E /* 搜索1.png */ = {isa = PBXFileReference; lastKnownFileType = image.png; path = "搜索1.png"; sourceTree = "<group>"; };
		6D46ED6E1A6B5CC0004DBD7E /* 左.png */ = {isa = PBXFileReference; lastKnownFileType = image.png; path = "左.png"; sourceTree = "<group>"; };
		6D46ED6F1A6B5CC0004DBD7E /* 右.png */ = {isa = PBXFileReference; lastKnownFileType = image.png; path = "右.png"; sourceTree = "<group>"; };
		6D46ED711A6B5CC0004DBD7E /* 提示点消息@2x.png */ = {isa = PBXFileReference; lastKnownFileType = image.png; path = "提示点消息@2x.png"; sourceTree = "<group>"; };
		6D46ED721A6B5CC0004DBD7E /* nav@2x.png */ = {isa = PBXFileReference; lastKnownFileType = image.png; path = "nav@2x.png"; sourceTree = "<group>"; };
		6D46ED731A6B5CC0004DBD7E /* Back@2x.png */ = {isa = PBXFileReference; lastKnownFileType = image.png; path = "Back@2x.png"; sourceTree = "<group>"; };
		6D46ED741A6B5CC0004DBD7E /* 发送.png */ = {isa = PBXFileReference; lastKnownFileType = image.png; path = "发送.png"; sourceTree = "<group>"; };
		6D46ED751A6B5CC0004DBD7E /* st_refresh@2x.png */ = {isa = PBXFileReference; lastKnownFileType = image.png; path = "st_refresh@2x.png"; sourceTree = "<group>"; };
		6D46EE641A6B5D4A004DBD7E /* LaunchScreen.xib */ = {isa = PBXFileReference; fileEncoding = 4; lastKnownFileType = file.xib; path = LaunchScreen.xib; sourceTree = "<group>"; };
		6D46EE6A1A6B609D004DBD7E /* Icon.png */ = {isa = PBXFileReference; lastKnownFileType = image.png; path = Icon.png; sourceTree = "<group>"; };
		6D46EE6E1A6B609D004DBD7E /* Icon@2x.png */ = {isa = PBXFileReference; lastKnownFileType = image.png; path = "Icon@2x.png"; sourceTree = "<group>"; };
		6D46EE6F1A6B609D004DBD7E /* Icon@3x.png */ = {isa = PBXFileReference; lastKnownFileType = image.png; path = "Icon@3x.png"; sourceTree = "<group>"; };
		6D46EE881A6B7624004DBD7E /* PDConfig.h */ = {isa = PBXFileReference; fileEncoding = 4; lastKnownFileType = sourcecode.c.h; path = PDConfig.h; sourceTree = "<group>"; };
		6D46EE8B1A6B7624004DBD7E /* PDHTTPEngine.h */ = {isa = PBXFileReference; fileEncoding = 4; lastKnownFileType = sourcecode.c.h; path = PDHTTPEngine.h; sourceTree = "<group>"; };
		6D46EE8C1A6B7624004DBD7E /* PDHTTPEngine.m */ = {isa = PBXFileReference; fileEncoding = 4; lastKnownFileType = sourcecode.c.objc; path = PDHTTPEngine.m; sourceTree = "<group>"; };
		6D46EE8E1A6B7624004DBD7E /* PDBaseModel.h */ = {isa = PBXFileReference; fileEncoding = 4; lastKnownFileType = sourcecode.c.h; path = PDBaseModel.h; sourceTree = "<group>"; };
		6D46EE8F1A6B7624004DBD7E /* PDBaseModel.m */ = {isa = PBXFileReference; fileEncoding = 4; lastKnownFileType = sourcecode.c.objc; path = PDBaseModel.m; sourceTree = "<group>"; };
		6D46EE901A6B7624004DBD7E /* PDOrderModel.h */ = {isa = PBXFileReference; fileEncoding = 4; lastKnownFileType = sourcecode.c.h; path = PDOrderModel.h; sourceTree = "<group>"; };
		6D46EE911A6B7624004DBD7E /* PDOrderModel.m */ = {isa = PBXFileReference; fileEncoding = 4; lastKnownFileType = sourcecode.c.objc; path = PDOrderModel.m; sourceTree = "<group>"; };
		6D46EE941A6B7624004DBD7E /* AFHTTPRequestOperation.h */ = {isa = PBXFileReference; fileEncoding = 4; lastKnownFileType = sourcecode.c.h; path = AFHTTPRequestOperation.h; sourceTree = "<group>"; };
		6D46EE951A6B7624004DBD7E /* AFHTTPRequestOperation.m */ = {isa = PBXFileReference; fileEncoding = 4; lastKnownFileType = sourcecode.c.objc; path = AFHTTPRequestOperation.m; sourceTree = "<group>"; };
		6D46EE961A6B7624004DBD7E /* AFHTTPRequestOperationManager.h */ = {isa = PBXFileReference; fileEncoding = 4; lastKnownFileType = sourcecode.c.h; path = AFHTTPRequestOperationManager.h; sourceTree = "<group>"; };
		6D46EE971A6B7624004DBD7E /* AFHTTPRequestOperationManager.m */ = {isa = PBXFileReference; fileEncoding = 4; lastKnownFileType = sourcecode.c.objc; path = AFHTTPRequestOperationManager.m; sourceTree = "<group>"; };
		6D46EE981A6B7624004DBD7E /* AFHTTPSessionManager.h */ = {isa = PBXFileReference; fileEncoding = 4; lastKnownFileType = sourcecode.c.h; path = AFHTTPSessionManager.h; sourceTree = "<group>"; };
		6D46EE991A6B7624004DBD7E /* AFHTTPSessionManager.m */ = {isa = PBXFileReference; fileEncoding = 4; lastKnownFileType = sourcecode.c.objc; path = AFHTTPSessionManager.m; sourceTree = "<group>"; };
		6D46EE9A1A6B7624004DBD7E /* AFNetworking.h */ = {isa = PBXFileReference; fileEncoding = 4; lastKnownFileType = sourcecode.c.h; path = AFNetworking.h; sourceTree = "<group>"; };
		6D46EE9B1A6B7624004DBD7E /* AFNetworkReachabilityManager.h */ = {isa = PBXFileReference; fileEncoding = 4; lastKnownFileType = sourcecode.c.h; path = AFNetworkReachabilityManager.h; sourceTree = "<group>"; };
		6D46EE9C1A6B7624004DBD7E /* AFNetworkReachabilityManager.m */ = {isa = PBXFileReference; fileEncoding = 4; lastKnownFileType = sourcecode.c.objc; path = AFNetworkReachabilityManager.m; sourceTree = "<group>"; };
		6D46EE9D1A6B7624004DBD7E /* AFSecurityPolicy.h */ = {isa = PBXFileReference; fileEncoding = 4; lastKnownFileType = sourcecode.c.h; path = AFSecurityPolicy.h; sourceTree = "<group>"; };
		6D46EE9E1A6B7624004DBD7E /* AFSecurityPolicy.m */ = {isa = PBXFileReference; fileEncoding = 4; lastKnownFileType = sourcecode.c.objc; path = AFSecurityPolicy.m; sourceTree = "<group>"; };
		6D46EE9F1A6B7624004DBD7E /* AFURLConnectionOperation.h */ = {isa = PBXFileReference; fileEncoding = 4; lastKnownFileType = sourcecode.c.h; path = AFURLConnectionOperation.h; sourceTree = "<group>"; };
		6D46EEA01A6B7624004DBD7E /* AFURLConnectionOperation.m */ = {isa = PBXFileReference; fileEncoding = 4; lastKnownFileType = sourcecode.c.objc; path = AFURLConnectionOperation.m; sourceTree = "<group>"; };
		6D46EEA11A6B7624004DBD7E /* AFURLRequestSerialization.h */ = {isa = PBXFileReference; fileEncoding = 4; lastKnownFileType = sourcecode.c.h; path = AFURLRequestSerialization.h; sourceTree = "<group>"; };
		6D46EEA21A6B7624004DBD7E /* AFURLRequestSerialization.m */ = {isa = PBXFileReference; fileEncoding = 4; lastKnownFileType = sourcecode.c.objc; path = AFURLRequestSerialization.m; sourceTree = "<group>"; };
		6D46EEA31A6B7624004DBD7E /* AFURLResponseSerialization.h */ = {isa = PBXFileReference; fileEncoding = 4; lastKnownFileType = sourcecode.c.h; path = AFURLResponseSerialization.h; sourceTree = "<group>"; };
		6D46EEA41A6B7624004DBD7E /* AFURLResponseSerialization.m */ = {isa = PBXFileReference; fileEncoding = 4; lastKnownFileType = sourcecode.c.objc; path = AFURLResponseSerialization.m; sourceTree = "<group>"; };
		6D46EEA51A6B7624004DBD7E /* AFURLSessionManager.h */ = {isa = PBXFileReference; fileEncoding = 4; lastKnownFileType = sourcecode.c.h; path = AFURLSessionManager.h; sourceTree = "<group>"; };
		6D46EEA61A6B7624004DBD7E /* AFURLSessionManager.m */ = {isa = PBXFileReference; fileEncoding = 4; lastKnownFileType = sourcecode.c.objc; path = AFURLSessionManager.m; sourceTree = "<group>"; };
		6D46EEA81A6B7624004DBD7E /* AFNetworkActivityIndicatorManager.h */ = {isa = PBXFileReference; fileEncoding = 4; lastKnownFileType = sourcecode.c.h; path = AFNetworkActivityIndicatorManager.h; sourceTree = "<group>"; };
		6D46EEA91A6B7624004DBD7E /* AFNetworkActivityIndicatorManager.m */ = {isa = PBXFileReference; fileEncoding = 4; lastKnownFileType = sourcecode.c.objc; path = AFNetworkActivityIndicatorManager.m; sourceTree = "<group>"; };
		6D46EEAA1A6B7624004DBD7E /* UIActivityIndicatorView+AFNetworking.h */ = {isa = PBXFileReference; fileEncoding = 4; lastKnownFileType = sourcecode.c.h; path = "UIActivityIndicatorView+AFNetworking.h"; sourceTree = "<group>"; };
		6D46EEAB1A6B7624004DBD7E /* UIActivityIndicatorView+AFNetworking.m */ = {isa = PBXFileReference; fileEncoding = 4; lastKnownFileType = sourcecode.c.objc; path = "UIActivityIndicatorView+AFNetworking.m"; sourceTree = "<group>"; };
		6D46EEAC1A6B7624004DBD7E /* UIAlertView+AFNetworking.h */ = {isa = PBXFileReference; fileEncoding = 4; lastKnownFileType = sourcecode.c.h; path = "UIAlertView+AFNetworking.h"; sourceTree = "<group>"; };
		6D46EEAD1A6B7624004DBD7E /* UIAlertView+AFNetworking.m */ = {isa = PBXFileReference; fileEncoding = 4; lastKnownFileType = sourcecode.c.objc; path = "UIAlertView+AFNetworking.m"; sourceTree = "<group>"; };
		6D46EEAE1A6B7624004DBD7E /* UIButton+AFNetworking.h */ = {isa = PBXFileReference; fileEncoding = 4; lastKnownFileType = sourcecode.c.h; path = "UIButton+AFNetworking.h"; sourceTree = "<group>"; };
		6D46EEAF1A6B7624004DBD7E /* UIButton+AFNetworking.m */ = {isa = PBXFileReference; fileEncoding = 4; lastKnownFileType = sourcecode.c.objc; path = "UIButton+AFNetworking.m"; sourceTree = "<group>"; };
		6D46EEB01A6B7624004DBD7E /* UIImageView+AFNetworking.h */ = {isa = PBXFileReference; fileEncoding = 4; lastKnownFileType = sourcecode.c.h; path = "UIImageView+AFNetworking.h"; sourceTree = "<group>"; };
		6D46EEB11A6B7624004DBD7E /* UIImageView+AFNetworking.m */ = {isa = PBXFileReference; fileEncoding = 4; lastKnownFileType = sourcecode.c.objc; path = "UIImageView+AFNetworking.m"; sourceTree = "<group>"; };
		6D46EEB21A6B7624004DBD7E /* UIKit+AFNetworking.h */ = {isa = PBXFileReference; fileEncoding = 4; lastKnownFileType = sourcecode.c.h; path = "UIKit+AFNetworking.h"; sourceTree = "<group>"; };
		6D46EEB31A6B7624004DBD7E /* UIProgressView+AFNetworking.h */ = {isa = PBXFileReference; fileEncoding = 4; lastKnownFileType = sourcecode.c.h; path = "UIProgressView+AFNetworking.h"; sourceTree = "<group>"; };
		6D46EEB41A6B7624004DBD7E /* UIProgressView+AFNetworking.m */ = {isa = PBXFileReference; fileEncoding = 4; lastKnownFileType = sourcecode.c.objc; path = "UIProgressView+AFNetworking.m"; sourceTree = "<group>"; };
		6D46EEB51A6B7624004DBD7E /* UIRefreshControl+AFNetworking.h */ = {isa = PBXFileReference; fileEncoding = 4; lastKnownFileType = sourcecode.c.h; path = "UIRefreshControl+AFNetworking.h"; sourceTree = "<group>"; };
		6D46EEB61A6B7624004DBD7E /* UIRefreshControl+AFNetworking.m */ = {isa = PBXFileReference; fileEncoding = 4; lastKnownFileType = sourcecode.c.objc; path = "UIRefreshControl+AFNetworking.m"; sourceTree = "<group>"; };
		6D46EEB71A6B7624004DBD7E /* UIWebView+AFNetworking.h */ = {isa = PBXFileReference; fileEncoding = 4; lastKnownFileType = sourcecode.c.h; path = "UIWebView+AFNetworking.h"; sourceTree = "<group>"; };
		6D46EEB81A6B7624004DBD7E /* UIWebView+AFNetworking.m */ = {isa = PBXFileReference; fileEncoding = 4; lastKnownFileType = sourcecode.c.objc; path = "UIWebView+AFNetworking.m"; sourceTree = "<group>"; };
		6D46EEBB1A6B7624004DBD7E /* EGOCache.h */ = {isa = PBXFileReference; fileEncoding = 4; lastKnownFileType = sourcecode.c.h; path = EGOCache.h; sourceTree = "<group>"; };
		6D46EEBC1A6B7624004DBD7E /* EGOCache.m */ = {isa = PBXFileReference; fileEncoding = 4; lastKnownFileType = sourcecode.c.objc; path = EGOCache.m; sourceTree = "<group>"; };
		6D46EEBE1A6B7624004DBD7E /* EGOImageButton.h */ = {isa = PBXFileReference; fileEncoding = 4; lastKnownFileType = sourcecode.c.h; path = EGOImageButton.h; sourceTree = "<group>"; };
		6D46EEBF1A6B7624004DBD7E /* EGOImageButton.m */ = {isa = PBXFileReference; fileEncoding = 4; lastKnownFileType = sourcecode.c.objc; path = EGOImageButton.m; sourceTree = "<group>"; };
		6D46EEC11A6B7624004DBD7E /* EGOImageLoadConnection.h */ = {isa = PBXFileReference; fileEncoding = 4; lastKnownFileType = sourcecode.c.h; path = EGOImageLoadConnection.h; sourceTree = "<group>"; };
		6D46EEC21A6B7624004DBD7E /* EGOImageLoadConnection.m */ = {isa = PBXFileReference; fileEncoding = 4; lastKnownFileType = sourcecode.c.objc; path = EGOImageLoadConnection.m; sourceTree = "<group>"; };
		6D46EEC31A6B7624004DBD7E /* EGOImageLoader.h */ = {isa = PBXFileReference; fileEncoding = 4; lastKnownFileType = sourcecode.c.h; path = EGOImageLoader.h; sourceTree = "<group>"; };
		6D46EEC41A6B7624004DBD7E /* EGOImageLoader.m */ = {isa = PBXFileReference; fileEncoding = 4; lastKnownFileType = sourcecode.c.objc; path = EGOImageLoader.m; sourceTree = "<group>"; };
		6D46EEC61A6B7624004DBD7E /* EGOImageView.h */ = {isa = PBXFileReference; fileEncoding = 4; lastKnownFileType = sourcecode.c.h; path = EGOImageView.h; sourceTree = "<group>"; };
		6D46EEC71A6B7624004DBD7E /* EGOImageView.m */ = {isa = PBXFileReference; fileEncoding = 4; lastKnownFileType = sourcecode.c.objc; path = EGOImageView.m; sourceTree = "<group>"; };
		6D46EEC91A6B7624004DBD7E /* JSONJoy.h */ = {isa = PBXFileReference; fileEncoding = 4; lastKnownFileType = sourcecode.c.h; path = JSONJoy.h; sourceTree = "<group>"; };
		6D46EECA1A6B7624004DBD7E /* JSONJoy.m */ = {isa = PBXFileReference; fileEncoding = 4; lastKnownFileType = sourcecode.c.objc; path = JSONJoy.m; sourceTree = "<group>"; };
		6D46EECB1A6B7624004DBD7E /* README.md */ = {isa = PBXFileReference; fileEncoding = 4; lastKnownFileType = net.daringfireball.markdown; path = README.md; sourceTree = "<group>"; };
		6D46EECD1A6B7624004DBD7E /* Lockbox.h */ = {isa = PBXFileReference; fileEncoding = 4; lastKnownFileType = sourcecode.c.h; path = Lockbox.h; sourceTree = "<group>"; };
		6D46EECE1A6B7624004DBD7E /* Lockbox.m */ = {isa = PBXFileReference; fileEncoding = 4; lastKnownFileType = sourcecode.c.objc; path = Lockbox.m; sourceTree = "<group>"; };
		6D46EED01A6B7624004DBD7E /* MMDrawerBarButtonItem.h */ = {isa = PBXFileReference; fileEncoding = 4; lastKnownFileType = sourcecode.c.h; path = MMDrawerBarButtonItem.h; sourceTree = "<group>"; };
		6D46EED11A6B7624004DBD7E /* MMDrawerBarButtonItem.m */ = {isa = PBXFileReference; fileEncoding = 4; lastKnownFileType = sourcecode.c.objc; path = MMDrawerBarButtonItem.m; sourceTree = "<group>"; };
		6D46EED21A6B7624004DBD7E /* MMDrawerController.h */ = {isa = PBXFileReference; fileEncoding = 4; lastKnownFileType = sourcecode.c.h; path = MMDrawerController.h; sourceTree = "<group>"; };
		6D46EED31A6B7624004DBD7E /* MMDrawerController.m */ = {isa = PBXFileReference; fileEncoding = 4; lastKnownFileType = sourcecode.c.objc; path = MMDrawerController.m; sourceTree = "<group>"; };
		6D46EED41A6B7624004DBD7E /* MMDrawerVisualState.h */ = {isa = PBXFileReference; fileEncoding = 4; lastKnownFileType = sourcecode.c.h; path = MMDrawerVisualState.h; sourceTree = "<group>"; };
		6D46EED51A6B7624004DBD7E /* MMDrawerVisualState.m */ = {isa = PBXFileReference; fileEncoding = 4; lastKnownFileType = sourcecode.c.objc; path = MMDrawerVisualState.m; sourceTree = "<group>"; };
		6D46EED61A6B7624004DBD7E /* MMExampleDrawerVisualStateManager.h */ = {isa = PBXFileReference; fileEncoding = 4; lastKnownFileType = sourcecode.c.h; path = MMExampleDrawerVisualStateManager.h; sourceTree = "<group>"; };
		6D46EED71A6B7624004DBD7E /* MMExampleDrawerVisualStateManager.m */ = {isa = PBXFileReference; fileEncoding = 4; lastKnownFileType = sourcecode.c.objc; path = MMExampleDrawerVisualStateManager.m; sourceTree = "<group>"; };
		6D46EED81A6B7624004DBD7E /* UIViewController+MMDrawerController.h */ = {isa = PBXFileReference; fileEncoding = 4; lastKnownFileType = sourcecode.c.h; path = "UIViewController+MMDrawerController.h"; sourceTree = "<group>"; };
		6D46EED91A6B7624004DBD7E /* UIViewController+MMDrawerController.m */ = {isa = PBXFileReference; fileEncoding = 4; lastKnownFileType = sourcecode.c.objc; path = "UIViewController+MMDrawerController.m"; sourceTree = "<group>"; };
		6D46EEDB1A6B7624004DBD7E /* SVIndefiniteAnimatedView.h */ = {isa = PBXFileReference; fileEncoding = 4; lastKnownFileType = sourcecode.c.h; path = SVIndefiniteAnimatedView.h; sourceTree = "<group>"; };
		6D46EEDC1A6B7624004DBD7E /* SVIndefiniteAnimatedView.m */ = {isa = PBXFileReference; fileEncoding = 4; lastKnownFileType = sourcecode.c.objc; path = SVIndefiniteAnimatedView.m; sourceTree = "<group>"; };
		6D46EEDD1A6B7624004DBD7E /* SVProgressHUD-Prefix.pch */ = {isa = PBXFileReference; fileEncoding = 4; lastKnownFileType = sourcecode.c.h; path = "SVProgressHUD-Prefix.pch"; sourceTree = "<group>"; };
		6D46EEDE1A6B7624004DBD7E /* SVProgressHUD.bundle */ = {isa = PBXFileReference; lastKnownFileType = "wrapper.plug-in"; path = SVProgressHUD.bundle; sourceTree = "<group>"; };
		6D46EEDF1A6B7624004DBD7E /* SVProgressHUD.h */ = {isa = PBXFileReference; fileEncoding = 4; lastKnownFileType = sourcecode.c.h; path = SVProgressHUD.h; sourceTree = "<group>"; };
		6D46EEE01A6B7624004DBD7E /* SVProgressHUD.m */ = {isa = PBXFileReference; fileEncoding = 4; lastKnownFileType = sourcecode.c.objc; path = SVProgressHUD.m; sourceTree = "<group>"; };
		6D46EEE21A6B7624004DBD7E /* SVPullToRefresh.h */ = {isa = PBXFileReference; fileEncoding = 4; lastKnownFileType = sourcecode.c.h; path = SVPullToRefresh.h; sourceTree = "<group>"; };
		6D46EEE31A6B7624004DBD7E /* UIScrollView+SVInfiniteScrolling.h */ = {isa = PBXFileReference; fileEncoding = 4; lastKnownFileType = sourcecode.c.h; path = "UIScrollView+SVInfiniteScrolling.h"; sourceTree = "<group>"; };
		6D46EEE41A6B7624004DBD7E /* UIScrollView+SVInfiniteScrolling.m */ = {isa = PBXFileReference; fileEncoding = 4; lastKnownFileType = sourcecode.c.objc; path = "UIScrollView+SVInfiniteScrolling.m"; sourceTree = "<group>"; };
		6D46EEE51A6B7624004DBD7E /* UIScrollView+SVPullToRefresh.h */ = {isa = PBXFileReference; fileEncoding = 4; lastKnownFileType = sourcecode.c.h; path = "UIScrollView+SVPullToRefresh.h"; sourceTree = "<group>"; };
		6D46EEE61A6B7624004DBD7E /* UIScrollView+SVPullToRefresh.m */ = {isa = PBXFileReference; fileEncoding = 4; lastKnownFileType = sourcecode.c.objc; path = "UIScrollView+SVPullToRefresh.m"; sourceTree = "<group>"; };
		6D46EEE81A6B7624004DBD7E /* NSDate+convenience.h */ = {isa = PBXFileReference; fileEncoding = 4; lastKnownFileType = sourcecode.c.h; path = "NSDate+convenience.h"; sourceTree = "<group>"; };
		6D46EEE91A6B7624004DBD7E /* NSDate+convenience.m */ = {isa = PBXFileReference; fileEncoding = 4; lastKnownFileType = sourcecode.c.objc; path = "NSDate+convenience.m"; sourceTree = "<group>"; };
		6D46EEEA1A6B7624004DBD7E /* NSMutableArray+convenience.h */ = {isa = PBXFileReference; fileEncoding = 4; lastKnownFileType = sourcecode.c.h; path = "NSMutableArray+convenience.h"; sourceTree = "<group>"; };
		6D46EEEB1A6B7624004DBD7E /* NSMutableArray+convenience.m */ = {isa = PBXFileReference; fileEncoding = 4; lastKnownFileType = sourcecode.c.objc; path = "NSMutableArray+convenience.m"; sourceTree = "<group>"; };
		6D46EEEC1A6B7624004DBD7E /* UIColor+expanded.h */ = {isa = PBXFileReference; fileEncoding = 4; lastKnownFileType = sourcecode.c.h; path = "UIColor+expanded.h"; sourceTree = "<group>"; };
		6D46EEED1A6B7624004DBD7E /* UIColor+expanded.m */ = {isa = PBXFileReference; fileEncoding = 4; lastKnownFileType = sourcecode.c.objc; path = "UIColor+expanded.m"; sourceTree = "<group>"; };
		6D46EEEE1A6B7624004DBD7E /* UIView+convenience.h */ = {isa = PBXFileReference; fileEncoding = 4; lastKnownFileType = sourcecode.c.h; path = "UIView+convenience.h"; sourceTree = "<group>"; };
		6D46EEEF1A6B7624004DBD7E /* UIView+convenience.m */ = {isa = PBXFileReference; fileEncoding = 4; lastKnownFileType = sourcecode.c.objc; path = "UIView+convenience.m"; sourceTree = "<group>"; };
		6D46EEF01A6B7624004DBD7E /* VRGCalendarView.h */ = {isa = PBXFileReference; fileEncoding = 4; lastKnownFileType = sourcecode.c.h; path = VRGCalendarView.h; sourceTree = "<group>"; };
		6D46EEF11A6B7624004DBD7E /* VRGCalendarView.m */ = {isa = PBXFileReference; fileEncoding = 4; lastKnownFileType = sourcecode.c.objc; path = VRGCalendarView.m; sourceTree = "<group>"; };
		6D46EEF41A6B7624004DBD7E /* PDBaseTableViewCell.h */ = {isa = PBXFileReference; fileEncoding = 4; lastKnownFileType = sourcecode.c.h; path = PDBaseTableViewCell.h; sourceTree = "<group>"; };
		6D46EEF51A6B7624004DBD7E /* PDBaseTableViewCell.m */ = {isa = PBXFileReference; fileEncoding = 4; lastKnownFileType = sourcecode.c.objc; path = PDBaseTableViewCell.m; sourceTree = "<group>"; };
		6D46EEF61A6B7624004DBD7E /* PDBaseTableViewController.h */ = {isa = PBXFileReference; fileEncoding = 4; lastKnownFileType = sourcecode.c.h; path = PDBaseTableViewController.h; sourceTree = "<group>"; };
		6D46EEF71A6B7624004DBD7E /* PDBaseTableViewController.m */ = {isa = PBXFileReference; fileEncoding = 4; lastKnownFileType = sourcecode.c.objc; path = PDBaseTableViewController.m; sourceTree = "<group>"; };
		6D46EEF81A6B7624004DBD7E /* PDBaseViewController.h */ = {isa = PBXFileReference; fileEncoding = 4; lastKnownFileType = sourcecode.c.h; path = PDBaseViewController.h; sourceTree = "<group>"; };
		6D46EEF91A6B7624004DBD7E /* PDBaseViewController.m */ = {isa = PBXFileReference; fileEncoding = 4; lastKnownFileType = sourcecode.c.objc; path = PDBaseViewController.m; sourceTree = "<group>"; };
		6D46EEFC1A6B7624004DBD7E /* PDFindPasswordViewController.h */ = {isa = PBXFileReference; fileEncoding = 4; lastKnownFileType = sourcecode.c.h; path = PDFindPasswordViewController.h; sourceTree = "<group>"; };
		6D46EEFD1A6B7624004DBD7E /* PDFindPasswordViewController.m */ = {isa = PBXFileReference; fileEncoding = 4; lastKnownFileType = sourcecode.c.objc; path = PDFindPasswordViewController.m; sourceTree = "<group>"; };
		6D46EEFE1A6B7624004DBD7E /* PDLoginViewController.h */ = {isa = PBXFileReference; fileEncoding = 4; lastKnownFileType = sourcecode.c.h; path = PDLoginViewController.h; sourceTree = "<group>"; };
		6D46EEFF1A6B7624004DBD7E /* PDLoginViewController.m */ = {isa = PBXFileReference; fileEncoding = 4; lastKnownFileType = sourcecode.c.objc; path = PDLoginViewController.m; sourceTree = "<group>"; };
		6D46EF011A6B7624004DBD7E /* PDRegisterViewController.h */ = {isa = PBXFileReference; fileEncoding = 4; lastKnownFileType = sourcecode.c.h; path = PDRegisterViewController.h; sourceTree = "<group>"; };
		6D46EF021A6B7624004DBD7E /* PDRegisterViewController.m */ = {isa = PBXFileReference; fileEncoding = 4; lastKnownFileType = sourcecode.c.objc; path = PDRegisterViewController.m; sourceTree = "<group>"; };
		6D46EF061A6B7624004DBD7E /* PDAllOrderTableViewController.h */ = {isa = PBXFileReference; fileEncoding = 4; lastKnownFileType = sourcecode.c.h; path = PDAllOrderTableViewController.h; sourceTree = "<group>"; };
		6D46EF071A6B7624004DBD7E /* PDAllOrderTableViewController.m */ = {isa = PBXFileReference; fileEncoding = 4; lastKnownFileType = sourcecode.c.objc; path = PDAllOrderTableViewController.m; sourceTree = "<group>"; };
		6D46EF081A6B7624004DBD7E /* PDOrderInquiryTableViewController.h */ = {isa = PBXFileReference; fileEncoding = 4; lastKnownFileType = sourcecode.c.h; path = PDOrderInquiryTableViewController.h; sourceTree = "<group>"; };
		6D46EF091A6B7624004DBD7E /* PDOrderInquiryTableViewController.m */ = {isa = PBXFileReference; fileEncoding = 4; lastKnownFileType = sourcecode.c.objc; path = PDOrderInquiryTableViewController.m; sourceTree = "<group>"; };
		6D46EF0A1A6B7624004DBD7E /* PDMainViewController.h */ = {isa = PBXFileReference; fileEncoding = 4; lastKnownFileType = sourcecode.c.h; path = PDMainViewController.h; sourceTree = "<group>"; };
		6D46EF0B1A6B7624004DBD7E /* PDMainViewController.m */ = {isa = PBXFileReference; fileEncoding = 4; lastKnownFileType = sourcecode.c.objc; path = PDMainViewController.m; sourceTree = "<group>"; };
		6D46EF0D1A6B7624004DBD7E /* PDSettingsViewController.h */ = {isa = PBXFileReference; fileEncoding = 4; lastKnownFileType = sourcecode.c.h; path = PDSettingsViewController.h; sourceTree = "<group>"; };
		6D46EF0E1A6B7624004DBD7E /* PDSettingsViewController.m */ = {isa = PBXFileReference; fileEncoding = 4; lastKnownFileType = sourcecode.c.objc; path = PDSettingsViewController.m; sourceTree = "<group>"; };
		6D46EF101A6B7624004DBD7E /* PDOrderCell.h */ = {isa = PBXFileReference; fileEncoding = 4; lastKnownFileType = sourcecode.c.h; path = PDOrderCell.h; sourceTree = "<group>"; };
		6D46EF111A6B7624004DBD7E /* PDOrderCell.m */ = {isa = PBXFileReference; fileEncoding = 4; lastKnownFileType = sourcecode.c.objc; path = PDOrderCell.m; sourceTree = "<group>"; };
		6D46EF121A6B7624004DBD7E /* PDTodayOrderTableViewController.h */ = {isa = PBXFileReference; fileEncoding = 4; lastKnownFileType = sourcecode.c.h; path = PDTodayOrderTableViewController.h; sourceTree = "<group>"; };
		6D46EF131A6B7624004DBD7E /* PDTodayOrderTableViewController.m */ = {isa = PBXFileReference; fileEncoding = 4; lastKnownFileType = sourcecode.c.objc; path = PDTodayOrderTableViewController.m; sourceTree = "<group>"; };
		6D46EF151A6B7624004DBD7E /* NSString+Utils.h */ = {isa = PBXFileReference; fileEncoding = 4; lastKnownFileType = sourcecode.c.h; path = "NSString+Utils.h"; sourceTree = "<group>"; };
		6D46EF161A6B7624004DBD7E /* NSString+Utils.m */ = {isa = PBXFileReference; fileEncoding = 4; lastKnownFileType = sourcecode.c.objc; path = "NSString+Utils.m"; sourceTree = "<group>"; };
		6D46EF171A6B7624004DBD7E /* PDUtils.h */ = {isa = PBXFileReference; fileEncoding = 4; lastKnownFileType = sourcecode.c.h; path = PDUtils.h; sourceTree = "<group>"; };
		6D46EF181A6B7624004DBD7E /* UIActionSheet+Utils.h */ = {isa = PBXFileReference; fileEncoding = 4; lastKnownFileType = sourcecode.c.h; path = "UIActionSheet+Utils.h"; sourceTree = "<group>"; };
		6D46EF191A6B7624004DBD7E /* UIActionSheet+Utils.m */ = {isa = PBXFileReference; fileEncoding = 4; lastKnownFileType = sourcecode.c.objc; path = "UIActionSheet+Utils.m"; sourceTree = "<group>"; };
		6D46EF1A1A6B7624004DBD7E /* UIAlertView+Utils.h */ = {isa = PBXFileReference; fileEncoding = 4; lastKnownFileType = sourcecode.c.h; path = "UIAlertView+Utils.h"; sourceTree = "<group>"; };
		6D46EF1B1A6B7624004DBD7E /* UIAlertView+Utils.m */ = {isa = PBXFileReference; fileEncoding = 4; lastKnownFileType = sourcecode.c.objc; path = "UIAlertView+Utils.m"; sourceTree = "<group>"; };
		6D46EF1C1A6B7624004DBD7E /* UIColor+Utils.h */ = {isa = PBXFileReference; fileEncoding = 4; lastKnownFileType = sourcecode.c.h; path = "UIColor+Utils.h"; sourceTree = "<group>"; };
		6D46EF1D1A6B7624004DBD7E /* UIColor+Utils.m */ = {isa = PBXFileReference; fileEncoding = 4; lastKnownFileType = sourcecode.c.objc; path = "UIColor+Utils.m"; sourceTree = "<group>"; };
		6D46EF1E1A6B7624004DBD7E /* UIControl+Utils.h */ = {isa = PBXFileReference; fileEncoding = 4; lastKnownFileType = sourcecode.c.h; path = "UIControl+Utils.h"; sourceTree = "<group>"; };
		6D46EF1F1A6B7624004DBD7E /* UIControl+Utils.m */ = {isa = PBXFileReference; fileEncoding = 4; lastKnownFileType = sourcecode.c.objc; path = "UIControl+Utils.m"; sourceTree = "<group>"; };
		6D46EF201A6B7624004DBD7E /* UIDevice+Utitls.h */ = {isa = PBXFileReference; fileEncoding = 4; lastKnownFileType = sourcecode.c.h; path = "UIDevice+Utitls.h"; sourceTree = "<group>"; };
		6D46EF211A6B7624004DBD7E /* UIDevice+Utitls.m */ = {isa = PBXFileReference; fileEncoding = 4; lastKnownFileType = sourcecode.c.objc; path = "UIDevice+Utitls.m"; sourceTree = "<group>"; };
		6D46EF221A6B7624004DBD7E /* UIImage+Utils.h */ = {isa = PBXFileReference; fileEncoding = 4; lastKnownFileType = sourcecode.c.h; path = "UIImage+Utils.h"; sourceTree = "<group>"; };
		6D46EF231A6B7624004DBD7E /* UIImage+Utils.m */ = {isa = PBXFileReference; fileEncoding = 4; lastKnownFileType = sourcecode.c.objc; path = "UIImage+Utils.m"; sourceTree = "<group>"; };
		6D46EF241A6B7624004DBD7E /* UIView+Utils.h */ = {isa = PBXFileReference; fileEncoding = 4; lastKnownFileType = sourcecode.c.h; path = "UIView+Utils.h"; sourceTree = "<group>"; };
		6D46EF251A6B7624004DBD7E /* UIView+Utils.m */ = {isa = PBXFileReference; fileEncoding = 4; lastKnownFileType = sourcecode.c.objc; path = "UIView+Utils.m"; sourceTree = "<group>"; };
		6D7F5E891A46B66300B634C7 /* PDLogistics.app */ = {isa = PBXFileReference; explicitFileType = wrapper.application; includeInIndex = 0; path = PDLogistics.app; sourceTree = BUILT_PRODUCTS_DIR; };
		6D7F5E8D1A46B66300B634C7 /* Info.plist */ = {isa = PBXFileReference; lastKnownFileType = text.plist.xml; path = Info.plist; sourceTree = "<group>"; };
		6D7F5E8E1A46B66300B634C7 /* main.m */ = {isa = PBXFileReference; lastKnownFileType = sourcecode.c.objc; path = main.m; sourceTree = "<group>"; };
		6D7F5E901A46B66300B634C7 /* AppDelegate.h */ = {isa = PBXFileReference; lastKnownFileType = sourcecode.c.h; path = AppDelegate.h; sourceTree = "<group>"; };
		6D7F5E911A46B66300B634C7 /* AppDelegate.m */ = {isa = PBXFileReference; lastKnownFileType = sourcecode.c.objc; path = AppDelegate.m; sourceTree = "<group>"; };
		6D7F5E991A46B66300B634C7 /* Images.xcassets */ = {isa = PBXFileReference; lastKnownFileType = folder.assetcatalog; path = Images.xcassets; sourceTree = "<group>"; };
		6D7F5EA21A46B66300B634C7 /* PDLogisticsTests.xctest */ = {isa = PBXFileReference; explicitFileType = wrapper.cfbundle; includeInIndex = 0; path = PDLogisticsTests.xctest; sourceTree = BUILT_PRODUCTS_DIR; };
		6D7F5EA71A46B66300B634C7 /* Info.plist */ = {isa = PBXFileReference; lastKnownFileType = text.plist.xml; path = Info.plist; sourceTree = "<group>"; };
		6D7F5EA81A46B66300B634C7 /* PDLogisticsTests.m */ = {isa = PBXFileReference; lastKnownFileType = sourcecode.c.objc; path = PDLogisticsTests.m; sourceTree = "<group>"; };
		6DBD88B01A6D4EF000438897 /* libz.dylib */ = {isa = PBXFileReference; lastKnownFileType = "compiled.mach-o.dylib"; name = libz.dylib; path = /Applications/Xcode.app/Contents/Developer/Platforms/iPhoneOS.platform/Developer/SDKs/iPhoneOS8.1.sdk/usr/lib/libz.dylib; sourceTree = "<absolute>"; };
		6DBD88B11A6D4EF000438897 /* UIKit.framework */ = {isa = PBXFileReference; lastKnownFileType = wrapper.framework; name = UIKit.framework; path = /Applications/Xcode.app/Contents/Developer/Platforms/iPhoneOS.platform/Developer/SDKs/iPhoneOS8.1.sdk/System/Library/Frameworks/UIKit.framework; sourceTree = "<absolute>"; };
		6DBD88B21A6D4EF000438897 /* Foundation.framework */ = {isa = PBXFileReference; lastKnownFileType = wrapper.framework; name = Foundation.framework; path = /Applications/Xcode.app/Contents/Developer/Platforms/iPhoneOS.platform/Developer/SDKs/iPhoneOS8.1.sdk/System/Library/Frameworks/Foundation.framework; sourceTree = "<absolute>"; };
		6DBD88B31A6D4EF000438897 /* CoreGraphics.framework */ = {isa = PBXFileReference; lastKnownFileType = wrapper.framework; name = CoreGraphics.framework; path = /Applications/Xcode.app/Contents/Developer/Platforms/iPhoneOS.platform/Developer/SDKs/iPhoneOS8.1.sdk/System/Library/Frameworks/CoreGraphics.framework; sourceTree = "<absolute>"; };
		6DBD88B41A6D4EF000438897 /* SystemConfiguration.framework */ = {isa = PBXFileReference; lastKnownFileType = wrapper.framework; name = SystemConfiguration.framework; path = /Applications/Xcode.app/Contents/Developer/Platforms/iPhoneOS.platform/Developer/SDKs/iPhoneOS8.1.sdk/System/Library/Frameworks/SystemConfiguration.framework; sourceTree = "<absolute>"; };
		6DBD88B51A6D4EF000438897 /* CoreTelephony.framework */ = {isa = PBXFileReference; lastKnownFileType = wrapper.framework; name = CoreTelephony.framework; path = /Applications/Xcode.app/Contents/Developer/Platforms/iPhoneOS.platform/Developer/SDKs/iPhoneOS8.1.sdk/System/Library/Frameworks/CoreTelephony.framework; sourceTree = "<absolute>"; };
		6DBD88B61A6D4EF000438897 /* CoreFoundation.framework */ = {isa = PBXFileReference; lastKnownFileType = wrapper.framework; name = CoreFoundation.framework; path = /Applications/Xcode.app/Contents/Developer/Platforms/iPhoneOS.platform/Developer/SDKs/iPhoneOS8.1.sdk/System/Library/Frameworks/CoreFoundation.framework; sourceTree = "<absolute>"; };
		6DBD88B71A6D4EF000438897 /* CFNetwork.framework */ = {isa = PBXFileReference; lastKnownFileType = wrapper.framework; name = CFNetwork.framework; path = /Applications/Xcode.app/Contents/Developer/Platforms/iPhoneOS.platform/Developer/SDKs/iPhoneOS8.1.sdk/System/Library/Frameworks/CFNetwork.framework; sourceTree = "<absolute>"; };
		6DBD88C21A6D500D00438897 /* PushConfig.plist */ = {isa = PBXFileReference; fileEncoding = 4; lastKnownFileType = text.plist.xml; path = PushConfig.plist; sourceTree = "<group>"; };
		6DBD88CF1A6D644600438897 /* APService.h */ = {isa = PBXFileReference; fileEncoding = 4; lastKnownFileType = sourcecode.c.h; path = APService.h; sourceTree = "<group>"; };
		6DBD88D01A6D644600438897 /* libPushSDK-1.8.2.a */ = {isa = PBXFileReference; lastKnownFileType = archive.ar; path = "libPushSDK-1.8.2.a"; sourceTree = "<group>"; };
		6DBD88D21A6D64EA00438897 /* neworderin05.wav */ = {isa = PBXFileReference; lastKnownFileType = audio.wav; path = neworderin05.wav; sourceTree = "<group>"; };
		6DE698041A752E13004AF9F7 /* Reachability.h */ = {isa = PBXFileReference; fileEncoding = 4; lastKnownFileType = sourcecode.c.h; path = Reachability.h; sourceTree = "<group>"; };
		6DE698051A752E13004AF9F7 /* Reachability.m */ = {isa = PBXFileReference; fileEncoding = 4; lastKnownFileType = sourcecode.c.objc; path = Reachability.m; sourceTree = "<group>"; };
		6DE698071A753E6D004AF9F7 /* UILable+Utils.h */ = {isa = PBXFileReference; fileEncoding = 4; lastKnownFileType = sourcecode.c.h; path = "UILable+Utils.h"; sourceTree = "<group>"; };
		6DE698081A753E6D004AF9F7 /* UILable+Utils.m */ = {isa = PBXFileReference; fileEncoding = 4; lastKnownFileType = sourcecode.c.objc; path = "UILable+Utils.m"; sourceTree = "<group>"; };
		6DEB46771A5660D9002B2E84 /* 2.png */ = {isa = PBXFileReference; lastKnownFileType = image.png; path = 2.png; sourceTree = "<group>"; };
/* End PBXFileReference section */

/* Begin PBXFrameworksBuildPhase section */
		6D7F5E861A46B66300B634C7 /* Frameworks */ = {
			isa = PBXFrameworksBuildPhase;
			buildActionMask = 2147483647;
			files = (
				6DBD88BB1A6D4EF000438897 /* CoreGraphics.framework in Frameworks */,
				6DBD88BC1A6D4EF000438897 /* SystemConfiguration.framework in Frameworks */,
				6DBD88BF1A6D4EF000438897 /* CFNetwork.framework in Frameworks */,
				6DBD88B81A6D4EF000438897 /* libz.dylib in Frameworks */,
				6DBD88D11A6D644600438897 /* libPushSDK-1.8.2.a in Frameworks */,
				6DBD88BE1A6D4EF000438897 /* CoreFoundation.framework in Frameworks */,
				6DBD88BA1A6D4EF000438897 /* Foundation.framework in Frameworks */,
				6DBD88BD1A6D4EF000438897 /* CoreTelephony.framework in Frameworks */,
				6DBD88B91A6D4EF000438897 /* UIKit.framework in Frameworks */,
			);
			runOnlyForDeploymentPostprocessing = 0;
		};
		6D7F5E9F1A46B66300B634C7 /* Frameworks */ = {
			isa = PBXFrameworksBuildPhase;
			buildActionMask = 2147483647;
			files = (
			);
			runOnlyForDeploymentPostprocessing = 0;
		};
/* End PBXFrameworksBuildPhase section */

/* Begin PBXGroup section */
		6D46EE661A6B6033004DBD7E /* Logo */ = {
			isa = PBXGroup;
			children = (
				6D46EE6A1A6B609D004DBD7E /* Icon.png */,
				6D46EE6E1A6B609D004DBD7E /* Icon@2x.png */,
				6D46EE6F1A6B609D004DBD7E /* Icon@3x.png */,
			);
			name = Logo;
			sourceTree = "<group>";
		};
		6D46EE871A6B7624004DBD7E /* Config */ = {
			isa = PBXGroup;
			children = (
				6D46EE881A6B7624004DBD7E /* PDConfig.h */,
			);
			path = Config;
			sourceTree = "<group>";
		};
		6D46EE891A6B7624004DBD7E /* Core */ = {
			isa = PBXGroup;
			children = (
				6D46EE8A1A6B7624004DBD7E /* HTTPEngine */,
				6D46EE8D1A6B7624004DBD7E /* Model */,
			);
			path = Core;
			sourceTree = "<group>";
		};
		6D46EE8A1A6B7624004DBD7E /* HTTPEngine */ = {
			isa = PBXGroup;
			children = (
				6D46EE8B1A6B7624004DBD7E /* PDHTTPEngine.h */,
				6D46EE8C1A6B7624004DBD7E /* PDHTTPEngine.m */,
			);
			path = HTTPEngine;
			sourceTree = "<group>";
		};
		6D46EE8D1A6B7624004DBD7E /* Model */ = {
			isa = PBXGroup;
			children = (
				6D46EE8E1A6B7624004DBD7E /* PDBaseModel.h */,
				6D46EE8F1A6B7624004DBD7E /* PDBaseModel.m */,
				6D46EE901A6B7624004DBD7E /* PDOrderModel.h */,
				6D46EE911A6B7624004DBD7E /* PDOrderModel.m */,
			);
			path = Model;
			sourceTree = "<group>";
		};
		6D46EE921A6B7624004DBD7E /* Libs */ = {
			isa = PBXGroup;
			children = (
				6DBD88C61A6D539200438897 /* JPush */,
				6D46EE931A6B7624004DBD7E /* AFNetworking */,
				6D46EEB91A6B7624004DBD7E /* EGOImageLoader */,
				6D46EEC81A6B7624004DBD7E /* JSONJoy */,
				6D46EECC1A6B7624004DBD7E /* LockBox */,
				6D46EECF1A6B7624004DBD7E /* MMDrawerController */,
				6D46EEDA1A6B7624004DBD7E /* SVProgressHUD */,
				6D46EEE11A6B7624004DBD7E /* SVPullToRefresh */,
				6D46EEE71A6B7624004DBD7E /* Vurig Calendar */,
			);
			path = Libs;
			sourceTree = "<group>";
		};
		6D46EE931A6B7624004DBD7E /* AFNetworking */ = {
			isa = PBXGroup;
			children = (
				6D46EE941A6B7624004DBD7E /* AFHTTPRequestOperation.h */,
				6D46EE951A6B7624004DBD7E /* AFHTTPRequestOperation.m */,
				6D46EE961A6B7624004DBD7E /* AFHTTPRequestOperationManager.h */,
				6D46EE971A6B7624004DBD7E /* AFHTTPRequestOperationManager.m */,
				6D46EE981A6B7624004DBD7E /* AFHTTPSessionManager.h */,
				6D46EE991A6B7624004DBD7E /* AFHTTPSessionManager.m */,
				6D46EE9A1A6B7624004DBD7E /* AFNetworking.h */,
				6D46EE9B1A6B7624004DBD7E /* AFNetworkReachabilityManager.h */,
				6D46EE9C1A6B7624004DBD7E /* AFNetworkReachabilityManager.m */,
				6D46EE9D1A6B7624004DBD7E /* AFSecurityPolicy.h */,
				6D46EE9E1A6B7624004DBD7E /* AFSecurityPolicy.m */,
				6D46EE9F1A6B7624004DBD7E /* AFURLConnectionOperation.h */,
				6D46EEA01A6B7624004DBD7E /* AFURLConnectionOperation.m */,
				6D46EEA11A6B7624004DBD7E /* AFURLRequestSerialization.h */,
				6D46EEA21A6B7624004DBD7E /* AFURLRequestSerialization.m */,
				6D46EEA31A6B7624004DBD7E /* AFURLResponseSerialization.h */,
				6D46EEA41A6B7624004DBD7E /* AFURLResponseSerialization.m */,
				6D46EEA51A6B7624004DBD7E /* AFURLSessionManager.h */,
				6D46EEA61A6B7624004DBD7E /* AFURLSessionManager.m */,
				6D46EEA71A6B7624004DBD7E /* UIKit+AFNetworking */,
			);
			path = AFNetworking;
			sourceTree = "<group>";
		};
		6D46EEA71A6B7624004DBD7E /* UIKit+AFNetworking */ = {
			isa = PBXGroup;
			children = (
				6D46EEA81A6B7624004DBD7E /* AFNetworkActivityIndicatorManager.h */,
				6D46EEA91A6B7624004DBD7E /* AFNetworkActivityIndicatorManager.m */,
				6D46EEAA1A6B7624004DBD7E /* UIActivityIndicatorView+AFNetworking.h */,
				6D46EEAB1A6B7624004DBD7E /* UIActivityIndicatorView+AFNetworking.m */,
				6D46EEAC1A6B7624004DBD7E /* UIAlertView+AFNetworking.h */,
				6D46EEAD1A6B7624004DBD7E /* UIAlertView+AFNetworking.m */,
				6D46EEAE1A6B7624004DBD7E /* UIButton+AFNetworking.h */,
				6D46EEAF1A6B7624004DBD7E /* UIButton+AFNetworking.m */,
				6D46EEB01A6B7624004DBD7E /* UIImageView+AFNetworking.h */,
				6D46EEB11A6B7624004DBD7E /* UIImageView+AFNetworking.m */,
				6D46EEB21A6B7624004DBD7E /* UIKit+AFNetworking.h */,
				6D46EEB31A6B7624004DBD7E /* UIProgressView+AFNetworking.h */,
				6D46EEB41A6B7624004DBD7E /* UIProgressView+AFNetworking.m */,
				6D46EEB51A6B7624004DBD7E /* UIRefreshControl+AFNetworking.h */,
				6D46EEB61A6B7624004DBD7E /* UIRefreshControl+AFNetworking.m */,
				6D46EEB71A6B7624004DBD7E /* UIWebView+AFNetworking.h */,
				6D46EEB81A6B7624004DBD7E /* UIWebView+AFNetworking.m */,
			);
			path = "UIKit+AFNetworking";
			sourceTree = "<group>";
		};
		6D46EEB91A6B7624004DBD7E /* EGOImageLoader */ = {
			isa = PBXGroup;
			children = (
				6D46EEBA1A6B7624004DBD7E /* EGOCache */,
				6D46EEBD1A6B7624004DBD7E /* EGOImageButton */,
				6D46EEC01A6B7624004DBD7E /* EGOImageLoader */,
				6D46EEC51A6B7624004DBD7E /* EGOImageView */,
			);
			path = EGOImageLoader;
			sourceTree = "<group>";
		};
		6D46EEBA1A6B7624004DBD7E /* EGOCache */ = {
			isa = PBXGroup;
			children = (
				6D46EEBB1A6B7624004DBD7E /* EGOCache.h */,
				6D46EEBC1A6B7624004DBD7E /* EGOCache.m */,
			);
			path = EGOCache;
			sourceTree = "<group>";
		};
		6D46EEBD1A6B7624004DBD7E /* EGOImageButton */ = {
			isa = PBXGroup;
			children = (
				6D46EEBE1A6B7624004DBD7E /* EGOImageButton.h */,
				6D46EEBF1A6B7624004DBD7E /* EGOImageButton.m */,
			);
			path = EGOImageButton;
			sourceTree = "<group>";
		};
		6D46EEC01A6B7624004DBD7E /* EGOImageLoader */ = {
			isa = PBXGroup;
			children = (
				6D46EEC11A6B7624004DBD7E /* EGOImageLoadConnection.h */,
				6D46EEC21A6B7624004DBD7E /* EGOImageLoadConnection.m */,
				6D46EEC31A6B7624004DBD7E /* EGOImageLoader.h */,
				6D46EEC41A6B7624004DBD7E /* EGOImageLoader.m */,
			);
			path = EGOImageLoader;
			sourceTree = "<group>";
		};
		6D46EEC51A6B7624004DBD7E /* EGOImageView */ = {
			isa = PBXGroup;
			children = (
				6D46EEC61A6B7624004DBD7E /* EGOImageView.h */,
				6D46EEC71A6B7624004DBD7E /* EGOImageView.m */,
			);
			path = EGOImageView;
			sourceTree = "<group>";
		};
		6D46EEC81A6B7624004DBD7E /* JSONJoy */ = {
			isa = PBXGroup;
			children = (
				6D46EEC91A6B7624004DBD7E /* JSONJoy.h */,
				6D46EECA1A6B7624004DBD7E /* JSONJoy.m */,
				6D46EECB1A6B7624004DBD7E /* README.md */,
			);
			path = JSONJoy;
			sourceTree = "<group>";
		};
		6D46EECC1A6B7624004DBD7E /* LockBox */ = {
			isa = PBXGroup;
			children = (
				6D46EECD1A6B7624004DBD7E /* Lockbox.h */,
				6D46EECE1A6B7624004DBD7E /* Lockbox.m */,
			);
			path = LockBox;
			sourceTree = "<group>";
		};
		6D46EECF1A6B7624004DBD7E /* MMDrawerController */ = {
			isa = PBXGroup;
			children = (
				6D46EED01A6B7624004DBD7E /* MMDrawerBarButtonItem.h */,
				6D46EED11A6B7624004DBD7E /* MMDrawerBarButtonItem.m */,
				6D46EED21A6B7624004DBD7E /* MMDrawerController.h */,
				6D46EED31A6B7624004DBD7E /* MMDrawerController.m */,
				6D46EED41A6B7624004DBD7E /* MMDrawerVisualState.h */,
				6D46EED51A6B7624004DBD7E /* MMDrawerVisualState.m */,
				6D46EED61A6B7624004DBD7E /* MMExampleDrawerVisualStateManager.h */,
				6D46EED71A6B7624004DBD7E /* MMExampleDrawerVisualStateManager.m */,
				6D46EED81A6B7624004DBD7E /* UIViewController+MMDrawerController.h */,
				6D46EED91A6B7624004DBD7E /* UIViewController+MMDrawerController.m */,
			);
			path = MMDrawerController;
			sourceTree = "<group>";
		};
		6D46EEDA1A6B7624004DBD7E /* SVProgressHUD */ = {
			isa = PBXGroup;
			children = (
				6D46EEDB1A6B7624004DBD7E /* SVIndefiniteAnimatedView.h */,
				6D46EEDC1A6B7624004DBD7E /* SVIndefiniteAnimatedView.m */,
				6D46EEDD1A6B7624004DBD7E /* SVProgressHUD-Prefix.pch */,
				6D46EEDE1A6B7624004DBD7E /* SVProgressHUD.bundle */,
				6D46EEDF1A6B7624004DBD7E /* SVProgressHUD.h */,
				6D46EEE01A6B7624004DBD7E /* SVProgressHUD.m */,
			);
			path = SVProgressHUD;
			sourceTree = "<group>";
		};
		6D46EEE11A6B7624004DBD7E /* SVPullToRefresh */ = {
			isa = PBXGroup;
			children = (
				6D46EEE21A6B7624004DBD7E /* SVPullToRefresh.h */,
				6D46EEE31A6B7624004DBD7E /* UIScrollView+SVInfiniteScrolling.h */,
				6D46EEE41A6B7624004DBD7E /* UIScrollView+SVInfiniteScrolling.m */,
				6D46EEE51A6B7624004DBD7E /* UIScrollView+SVPullToRefresh.h */,
				6D46EEE61A6B7624004DBD7E /* UIScrollView+SVPullToRefresh.m */,
			);
			path = SVPullToRefresh;
			sourceTree = "<group>";
		};
		6D46EEE71A6B7624004DBD7E /* Vurig Calendar */ = {
			isa = PBXGroup;
			children = (
				6D46EEE81A6B7624004DBD7E /* NSDate+convenience.h */,
				6D46EEE91A6B7624004DBD7E /* NSDate+convenience.m */,
				6D46EEEA1A6B7624004DBD7E /* NSMutableArray+convenience.h */,
				6D46EEEB1A6B7624004DBD7E /* NSMutableArray+convenience.m */,
				6D46EEEC1A6B7624004DBD7E /* UIColor+expanded.h */,
				6D46EEED1A6B7624004DBD7E /* UIColor+expanded.m */,
				6D46EEEE1A6B7624004DBD7E /* UIView+convenience.h */,
				6D46EEEF1A6B7624004DBD7E /* UIView+convenience.m */,
				6D46EEF01A6B7624004DBD7E /* VRGCalendarView.h */,
				6D46EEF11A6B7624004DBD7E /* VRGCalendarView.m */,
			);
			path = "Vurig Calendar";
			sourceTree = "<group>";
		};
		6D46EEF21A6B7624004DBD7E /* UI */ = {
			isa = PBXGroup;
			children = (
				6D46EEF31A6B7624004DBD7E /* Base */,
				6D46EEFA1A6B7624004DBD7E /* Login */,
				6D46EF031A6B7624004DBD7E /* Main */,
				6D46EF0F1A6B7624004DBD7E /* TodayOrder */,
			);
			path = UI;
			sourceTree = "<group>";
		};
		6D46EEF31A6B7624004DBD7E /* Base */ = {
			isa = PBXGroup;
			children = (
				6D46EEF41A6B7624004DBD7E /* PDBaseTableViewCell.h */,
				6D46EEF51A6B7624004DBD7E /* PDBaseTableViewCell.m */,
				6D46EEF61A6B7624004DBD7E /* PDBaseTableViewController.h */,
				6D46EEF71A6B7624004DBD7E /* PDBaseTableViewController.m */,
				6D46EEF81A6B7624004DBD7E /* PDBaseViewController.h */,
				6D46EEF91A6B7624004DBD7E /* PDBaseViewController.m */,
				6DE698041A752E13004AF9F7 /* Reachability.h */,
				6DE698051A752E13004AF9F7 /* Reachability.m */,
			);
			path = Base;
			sourceTree = "<group>";
		};
		6D46EEFA1A6B7624004DBD7E /* Login */ = {
			isa = PBXGroup;
			children = (
				6D46EEFE1A6B7624004DBD7E /* PDLoginViewController.h */,
				6D46EEFF1A6B7624004DBD7E /* PDLoginViewController.m */,
				6D46EEFB1A6B7624004DBD7E /* FindPassword */,
				6D46EF001A6B7624004DBD7E /* Register */,
			);
			path = Login;
			sourceTree = "<group>";
		};
		6D46EEFB1A6B7624004DBD7E /* FindPassword */ = {
			isa = PBXGroup;
			children = (
				6D46EEFC1A6B7624004DBD7E /* PDFindPasswordViewController.h */,
				6D46EEFD1A6B7624004DBD7E /* PDFindPasswordViewController.m */,
			);
			path = FindPassword;
			sourceTree = "<group>";
		};
		6D46EF001A6B7624004DBD7E /* Register */ = {
			isa = PBXGroup;
			children = (
				6D46EF011A6B7624004DBD7E /* PDRegisterViewController.h */,
				6D46EF021A6B7624004DBD7E /* PDRegisterViewController.m */,
			);
			path = Register;
			sourceTree = "<group>";
		};
		6D46EF031A6B7624004DBD7E /* Main */ = {
			isa = PBXGroup;
			children = (
				6D46EF0A1A6B7624004DBD7E /* PDMainViewController.h */,
				6D46EF0B1A6B7624004DBD7E /* PDMainViewController.m */,
				6D46EF041A6B7624004DBD7E /* OrderInquiry */,
				6D46EF0C1A6B7624004DBD7E /* Setting */,
			);
			path = Main;
			sourceTree = "<group>";
		};
		6D46EF041A6B7624004DBD7E /* OrderInquiry */ = {
			isa = PBXGroup;
			children = (
				6D46EF081A6B7624004DBD7E /* PDOrderInquiryTableViewController.h */,
				6D46EF091A6B7624004DBD7E /* PDOrderInquiryTableViewController.m */,
				6D46EF051A6B7624004DBD7E /* AllOrder */,
			);
			path = OrderInquiry;
			sourceTree = "<group>";
		};
		6D46EF051A6B7624004DBD7E /* AllOrder */ = {
			isa = PBXGroup;
			children = (
				6D46EF061A6B7624004DBD7E /* PDAllOrderTableViewController.h */,
				6D46EF071A6B7624004DBD7E /* PDAllOrderTableViewController.m */,
			);
			path = AllOrder;
			sourceTree = "<group>";
		};
		6D46EF0C1A6B7624004DBD7E /* Setting */ = {
			isa = PBXGroup;
			children = (
				6D46EF0D1A6B7624004DBD7E /* PDSettingsViewController.h */,
				6D46EF0E1A6B7624004DBD7E /* PDSettingsViewController.m */,
			);
			path = Setting;
			sourceTree = "<group>";
		};
		6D46EF0F1A6B7624004DBD7E /* TodayOrder */ = {
			isa = PBXGroup;
			children = (
				6D46EF101A6B7624004DBD7E /* PDOrderCell.h */,
				6D46EF111A6B7624004DBD7E /* PDOrderCell.m */,
				6D46EF121A6B7624004DBD7E /* PDTodayOrderTableViewController.h */,
				6D46EF131A6B7624004DBD7E /* PDTodayOrderTableViewController.m */,
			);
			path = TodayOrder;
			sourceTree = "<group>";
		};
		6D46EF141A6B7624004DBD7E /* Utils */ = {
			isa = PBXGroup;
			children = (
				6D46EF151A6B7624004DBD7E /* NSString+Utils.h */,
				6D46EF161A6B7624004DBD7E /* NSString+Utils.m */,
				6D46EF171A6B7624004DBD7E /* PDUtils.h */,
				6D46EF181A6B7624004DBD7E /* UIActionSheet+Utils.h */,
				6D46EF191A6B7624004DBD7E /* UIActionSheet+Utils.m */,
				6D46EF1A1A6B7624004DBD7E /* UIAlertView+Utils.h */,
				6D46EF1B1A6B7624004DBD7E /* UIAlertView+Utils.m */,
				6D46EF1C1A6B7624004DBD7E /* UIColor+Utils.h */,
				6D46EF1D1A6B7624004DBD7E /* UIColor+Utils.m */,
				6D46EF1E1A6B7624004DBD7E /* UIControl+Utils.h */,
				6D46EF1F1A6B7624004DBD7E /* UIControl+Utils.m */,
				6D46EF201A6B7624004DBD7E /* UIDevice+Utitls.h */,
				6D46EF211A6B7624004DBD7E /* UIDevice+Utitls.m */,
				6D46EF221A6B7624004DBD7E /* UIImage+Utils.h */,
				6D46EF231A6B7624004DBD7E /* UIImage+Utils.m */,
				6D46EF241A6B7624004DBD7E /* UIView+Utils.h */,
				6D46EF251A6B7624004DBD7E /* UIView+Utils.m */,
				6DE698071A753E6D004AF9F7 /* UILable+Utils.h */,
				6DE698081A753E6D004AF9F7 /* UILable+Utils.m */,
			);
			path = Utils;
			sourceTree = "<group>";
		};
		6D7F5E801A46B66300B634C7 = {
			isa = PBXGroup;
			children = (
				6D7F5E8B1A46B66300B634C7 /* PDLogistics */,
				6D7F5EA51A46B66300B634C7 /* PDLogisticsTests */,
				6D7F5E8A1A46B66300B634C7 /* Products */,
			);
			sourceTree = "<group>";
		};
		6D7F5E8A1A46B66300B634C7 /* Products */ = {
			isa = PBXGroup;
			children = (
				6D7F5E891A46B66300B634C7 /* PDLogistics.app */,
				6D7F5EA21A46B66300B634C7 /* PDLogisticsTests.xctest */,
			);
			name = Products;
			sourceTree = "<group>";
		};
		6D7F5E8B1A46B66300B634C7 /* PDLogistics */ = {
			isa = PBXGroup;
			children = (
				6DEB46761A5660D0002B2E84 /* ImageSource */,
				6D46EE871A6B7624004DBD7E /* Config */,
				6D46EE891A6B7624004DBD7E /* Core */,
				6D46EE921A6B7624004DBD7E /* Libs */,
				6D46EEF21A6B7624004DBD7E /* UI */,
				6D46EF141A6B7624004DBD7E /* Utils */,
				6D7F5E901A46B66300B634C7 /* AppDelegate.h */,
				6D7F5E911A46B66300B634C7 /* AppDelegate.m */,
				6D7F5E991A46B66300B634C7 /* Images.xcassets */,
				6D46EE641A6B5D4A004DBD7E /* LaunchScreen.xib */,
				6DBD88AF1A6D4EE100438897 /* Framework */,
				6D7F5E8C1A46B66300B634C7 /* Supporting Files */,
			);
			path = PDLogistics;
			sourceTree = "<group>";
		};
		6D7F5E8C1A46B66300B634C7 /* Supporting Files */ = {
			isa = PBXGroup;
			children = (
				6DBD88D21A6D64EA00438897 /* neworderin05.wav */,
				6DBD88C21A6D500D00438897 /* PushConfig.plist */,
				6D7F5E8D1A46B66300B634C7 /* Info.plist */,
				6D7F5E8E1A46B66300B634C7 /* main.m */,
			);
			name = "Supporting Files";
			sourceTree = "<group>";
		};
		6D7F5EA51A46B66300B634C7 /* PDLogisticsTests */ = {
			isa = PBXGroup;
			children = (
				6D7F5EA81A46B66300B634C7 /* PDLogisticsTests.m */,
				6D7F5EA61A46B66300B634C7 /* Supporting Files */,
			);
			path = PDLogisticsTests;
			sourceTree = "<group>";
		};
		6D7F5EA61A46B66300B634C7 /* Supporting Files */ = {
			isa = PBXGroup;
			children = (
				6D7F5EA71A46B66300B634C7 /* Info.plist */,
			);
			name = "Supporting Files";
			sourceTree = "<group>";
		};
		6DBD88AF1A6D4EE100438897 /* Framework */ = {
			isa = PBXGroup;
			children = (
				6DBD88B01A6D4EF000438897 /* libz.dylib */,
				6DBD88B11A6D4EF000438897 /* UIKit.framework */,
				6DBD88B21A6D4EF000438897 /* Foundation.framework */,
				6DBD88B31A6D4EF000438897 /* CoreGraphics.framework */,
				6DBD88B41A6D4EF000438897 /* SystemConfiguration.framework */,
				6DBD88B51A6D4EF000438897 /* CoreTelephony.framework */,
				6DBD88B61A6D4EF000438897 /* CoreFoundation.framework */,
				6DBD88B71A6D4EF000438897 /* CFNetwork.framework */,
			);
			name = Framework;
			sourceTree = "<group>";
		};
		6DBD88C61A6D539200438897 /* JPush */ = {
			isa = PBXGroup;
			children = (
				6DBD88CF1A6D644600438897 /* APService.h */,
				6DBD88D01A6D644600438897 /* libPushSDK-1.8.2.a */,
			);
			name = JPush;
			path = ../../../PDSupplier/PDSupplier/Libs/JPush;
			sourceTree = "<group>";
		};
		6DEB46761A5660D0002B2E84 /* ImageSource */ = {
			isa = PBXGroup;
			children = (
				6DEB46771A5660D9002B2E84 /* 2.png */,
				6D46ED641A6B5CA1004DBD7E /* neworderin05.m4a */,
				6D46ED661A6B5CC0004DBD7E /* 新.png */,
				6D46ED671A6B5CC0004DBD7E /* 订单号背景.png */,
				6D46ED681A6B5CC0004DBD7E /* 订单.png */,
				6D46ED691A6B5CC0004DBD7E /* 订单1.png */,
				6D46ED6A1A6B5CC0004DBD7E /* 设置.png */,
				6D46ED6B1A6B5CC0004DBD7E /* 设置1.png */,
				6D46ED6C1A6B5CC0004DBD7E /* 搜索.png */,
				6D46ED6D1A6B5CC0004DBD7E /* 搜索1.png */,
				6D46ED6E1A6B5CC0004DBD7E /* 左.png */,
				6D46ED6F1A6B5CC0004DBD7E /* 右.png */,
				6D46ED711A6B5CC0004DBD7E /* 提示点消息@2x.png */,
				6D46ED721A6B5CC0004DBD7E /* nav@2x.png */,
				6D46ED731A6B5CC0004DBD7E /* Back@2x.png */,
				6D46ED741A6B5CC0004DBD7E /* 发送.png */,
				6D46ED751A6B5CC0004DBD7E /* st_refresh@2x.png */,
				6D46EE661A6B6033004DBD7E /* Logo */,
			);
			path = ImageSource;
			sourceTree = "<group>";
		};
/* End PBXGroup section */

/* Begin PBXNativeTarget section */
		6D7F5E881A46B66300B634C7 /* PDLogistics */ = {
			isa = PBXNativeTarget;
			buildConfigurationList = 6D7F5EAC1A46B66300B634C7 /* Build configuration list for PBXNativeTarget "PDLogistics" */;
			buildPhases = (
				6D7F5E851A46B66300B634C7 /* Sources */,
				6D7F5E861A46B66300B634C7 /* Frameworks */,
				6D7F5E871A46B66300B634C7 /* Resources */,
			);
			buildRules = (
			);
			dependencies = (
			);
			name = PDLogistics;
			productName = PDLogistics;
			productReference = 6D7F5E891A46B66300B634C7 /* PDLogistics.app */;
			productType = "com.apple.product-type.application";
		};
		6D7F5EA11A46B66300B634C7 /* PDLogisticsTests */ = {
			isa = PBXNativeTarget;
			buildConfigurationList = 6D7F5EAF1A46B66300B634C7 /* Build configuration list for PBXNativeTarget "PDLogisticsTests" */;
			buildPhases = (
				6D7F5E9E1A46B66300B634C7 /* Sources */,
				6D7F5E9F1A46B66300B634C7 /* Frameworks */,
				6D7F5EA01A46B66300B634C7 /* Resources */,
			);
			buildRules = (
			);
			dependencies = (
				6D7F5EA41A46B66300B634C7 /* PBXTargetDependency */,
			);
			name = PDLogisticsTests;
			productName = PDLogisticsTests;
			productReference = 6D7F5EA21A46B66300B634C7 /* PDLogisticsTests.xctest */;
			productType = "com.apple.product-type.bundle.unit-test";
		};
/* End PBXNativeTarget section */

/* Begin PBXProject section */
		6D7F5E811A46B66300B634C7 /* Project object */ = {
			isa = PBXProject;
			attributes = {
				LastUpgradeCheck = 0610;
				ORGANIZATIONNAME = Man;
				TargetAttributes = {
					6D7F5E881A46B66300B634C7 = {
						CreatedOnToolsVersion = 6.1.1;
					};
					6D7F5EA11A46B66300B634C7 = {
						CreatedOnToolsVersion = 6.1.1;
						TestTargetID = 6D7F5E881A46B66300B634C7;
					};
				};
			};
			buildConfigurationList = 6D7F5E841A46B66300B634C7 /* Build configuration list for PBXProject "PDLogistics" */;
			compatibilityVersion = "Xcode 3.2";
			developmentRegion = English;
			hasScannedForEncodings = 0;
			knownRegions = (
				en,
				Base,
			);
			mainGroup = 6D7F5E801A46B66300B634C7;
			productRefGroup = 6D7F5E8A1A46B66300B634C7 /* Products */;
			projectDirPath = "";
			projectRoot = "";
			targets = (
				6D7F5E881A46B66300B634C7 /* PDLogistics */,
				6D7F5EA11A46B66300B634C7 /* PDLogisticsTests */,
			);
		};
/* End PBXProject section */

/* Begin PBXResourcesBuildPhase section */
		6D7F5E871A46B66300B634C7 /* Resources */ = {
			isa = PBXResourcesBuildPhase;
			buildActionMask = 2147483647;
			files = (
				6D46EE741A6B609D004DBD7E /* Icon.png in Resources */,
				6D46ED7D1A6B5CC0004DBD7E /* 搜索1.png in Resources */,
				6D46ED781A6B5CC0004DBD7E /* 订单.png in Resources */,
				6D46ED821A6B5CC0004DBD7E /* nav@2x.png in Resources */,
				6D46ED761A6B5CC0004DBD7E /* 新.png in Resources */,
				6D46ED811A6B5CC0004DBD7E /* 提示点消息@2x.png in Resources */,
				6D46ED771A6B5CC0004DBD7E /* 订单号背景.png in Resources */,
				6D46ED831A6B5CC0004DBD7E /* Back@2x.png in Resources */,
				6D46EE781A6B609D004DBD7E /* Icon@2x.png in Resources */,
				6D46ED791A6B5CC0004DBD7E /* 订单1.png in Resources */,
				6D46ED7F1A6B5CC0004DBD7E /* 右.png in Resources */,
				6D46ED7A1A6B5CC0004DBD7E /* 设置.png in Resources */,
				6D46EE651A6B5D4A004DBD7E /* LaunchScreen.xib in Resources */,
				6D46ED7B1A6B5CC0004DBD7E /* 设置1.png in Resources */,
				6D46ED651A6B5CA1004DBD7E /* neworderin05.m4a in Resources */,
				6D46ED841A6B5CC0004DBD7E /* 发送.png in Resources */,
				6DBD88C31A6D500D00438897 /* PushConfig.plist in Resources */,
				6DEB46781A5660D9002B2E84 /* 2.png in Resources */,
				6D7F5E9A1A46B66300B634C7 /* Images.xcassets in Resources */,
				6DBD88D31A6D64EA00438897 /* neworderin05.wav in Resources */,
				6D46ED851A6B5CC0004DBD7E /* st_refresh@2x.png in Resources */,
				6D46EF481A6B7624004DBD7E /* SVProgressHUD.bundle in Resources */,
				6D46ED7E1A6B5CC0004DBD7E /* 左.png in Resources */,
				6D46EE791A6B609D004DBD7E /* Icon@3x.png in Resources */,
				6D46ED7C1A6B5CC0004DBD7E /* 搜索.png in Resources */,
			);
			runOnlyForDeploymentPostprocessing = 0;
		};
		6D7F5EA01A46B66300B634C7 /* Resources */ = {
			isa = PBXResourcesBuildPhase;
			buildActionMask = 2147483647;
			files = (
			);
			runOnlyForDeploymentPostprocessing = 0;
		};
/* End PBXResourcesBuildPhase section */

/* Begin PBXSourcesBuildPhase section */
		6D7F5E851A46B66300B634C7 /* Sources */ = {
			isa = PBXSourcesBuildPhase;
			buildActionMask = 2147483647;
			files = (
				6D46EF541A6B7624004DBD7E /* PDFindPasswordViewController.m in Sources */,
				6D46EF511A6B7624004DBD7E /* PDBaseTableViewCell.m in Sources */,
				6D46EF2E1A6B7624004DBD7E /* AFURLConnectionOperation.m in Sources */,
				6D46EF291A6B7624004DBD7E /* AFHTTPRequestOperation.m in Sources */,
				6D46EF411A6B7624004DBD7E /* Lockbox.m in Sources */,
				6D46EF611A6B7624004DBD7E /* UIControl+Utils.m in Sources */,
				6D46EF621A6B7624004DBD7E /* UIDevice+Utitls.m in Sources */,
				6D46EF3A1A6B7624004DBD7E /* EGOCache.m in Sources */,
				6D46EF351A6B7624004DBD7E /* UIButton+AFNetworking.m in Sources */,
				6D46EF3C1A6B7624004DBD7E /* EGOImageLoadConnection.m in Sources */,
				6D46EF5F1A6B7624004DBD7E /* UIAlertView+Utils.m in Sources */,
				6D46EF2C1A6B7624004DBD7E /* AFNetworkReachabilityManager.m in Sources */,
				6D46EF371A6B7624004DBD7E /* UIProgressView+AFNetworking.m in Sources */,
				6D46EF4B1A6B7624004DBD7E /* UIScrollView+SVPullToRefresh.m in Sources */,
				6D46EF311A6B7624004DBD7E /* AFURLSessionManager.m in Sources */,
				6D46EF551A6B7624004DBD7E /* PDLoginViewController.m in Sources */,
				6D46EF3F1A6B7624004DBD7E /* JSONJoy.m in Sources */,
				6D46EF2F1A6B7624004DBD7E /* AFURLRequestSerialization.m in Sources */,
				6D46EF531A6B7624004DBD7E /* PDBaseViewController.m in Sources */,
				6D46EF591A6B7624004DBD7E /* PDMainViewController.m in Sources */,
				6D46EF5A1A6B7624004DBD7E /* PDSettingsViewController.m in Sources */,
				6D46EF501A6B7624004DBD7E /* VRGCalendarView.m in Sources */,
				6D46EF471A6B7624004DBD7E /* SVIndefiniteAnimatedView.m in Sources */,
				6D46EF3E1A6B7624004DBD7E /* EGOImageView.m in Sources */,
				6D46EF631A6B7624004DBD7E /* UIImage+Utils.m in Sources */,
				6D46EF521A6B7624004DBD7E /* PDBaseTableViewController.m in Sources */,
				6D46EF271A6B7624004DBD7E /* PDBaseModel.m in Sources */,
				6D46EF451A6B7624004DBD7E /* MMExampleDrawerVisualStateManager.m in Sources */,
				6D46EF581A6B7624004DBD7E /* PDOrderInquiryTableViewController.m in Sources */,
				6D46EF381A6B7624004DBD7E /* UIRefreshControl+AFNetworking.m in Sources */,
				6D46EF641A6B7624004DBD7E /* UIView+Utils.m in Sources */,
				6D46EF401A6B7624004DBD7E /* README.md in Sources */,
				6D46EF301A6B7624004DBD7E /* AFURLResponseSerialization.m in Sources */,
				6D46EF4A1A6B7624004DBD7E /* UIScrollView+SVInfiniteScrolling.m in Sources */,
				6D46EF281A6B7624004DBD7E /* PDOrderModel.m in Sources */,
				6D46EF571A6B7624004DBD7E /* PDAllOrderTableViewController.m in Sources */,
				6D46EF4F1A6B7624004DBD7E /* UIView+convenience.m in Sources */,
				6D46EF361A6B7624004DBD7E /* UIImageView+AFNetworking.m in Sources */,
				6D46EF5B1A6B7624004DBD7E /* PDOrderCell.m in Sources */,
				6DE698061A752E13004AF9F7 /* Reachability.m in Sources */,
				6D46EF431A6B7624004DBD7E /* MMDrawerController.m in Sources */,
				6D46EF261A6B7624004DBD7E /* PDHTTPEngine.m in Sources */,
				6DE698091A753E6D004AF9F7 /* UILable+Utils.m in Sources */,
				6D46EF5C1A6B7624004DBD7E /* PDTodayOrderTableViewController.m in Sources */,
				6D46EF341A6B7624004DBD7E /* UIAlertView+AFNetworking.m in Sources */,
				6D46EF2A1A6B7624004DBD7E /* AFHTTPRequestOperationManager.m in Sources */,
				6D46EF5E1A6B7624004DBD7E /* UIActionSheet+Utils.m in Sources */,
				6D46EF461A6B7624004DBD7E /* UIViewController+MMDrawerController.m in Sources */,
				6D46EF2D1A6B7624004DBD7E /* AFSecurityPolicy.m in Sources */,
				6D46EF491A6B7624004DBD7E /* SVProgressHUD.m in Sources */,
				6D46EF391A6B7624004DBD7E /* UIWebView+AFNetworking.m in Sources */,
				6D46EF5D1A6B7624004DBD7E /* NSString+Utils.m in Sources */,
				6D46EF441A6B7624004DBD7E /* MMDrawerVisualState.m in Sources */,
				6D7F5E921A46B66300B634C7 /* AppDelegate.m in Sources */,
				6D46EF421A6B7624004DBD7E /* MMDrawerBarButtonItem.m in Sources */,
				6D46EF3D1A6B7624004DBD7E /* EGOImageLoader.m in Sources */,
				6D7F5E8F1A46B66300B634C7 /* main.m in Sources */,
				6D46EF2B1A6B7624004DBD7E /* AFHTTPSessionManager.m in Sources */,
				6D46EF3B1A6B7624004DBD7E /* EGOImageButton.m in Sources */,
				6D46EF4D1A6B7624004DBD7E /* NSMutableArray+convenience.m in Sources */,
				6D46EF4E1A6B7624004DBD7E /* UIColor+expanded.m in Sources */,
				6D46EF601A6B7624004DBD7E /* UIColor+Utils.m in Sources */,
				6D46EF331A6B7624004DBD7E /* UIActivityIndicatorView+AFNetworking.m in Sources */,
				6D46EF561A6B7624004DBD7E /* PDRegisterViewController.m in Sources */,
				6D46EF4C1A6B7624004DBD7E /* NSDate+convenience.m in Sources */,
				6D46EF321A6B7624004DBD7E /* AFNetworkActivityIndicatorManager.m in Sources */,
			);
			runOnlyForDeploymentPostprocessing = 0;
		};
		6D7F5E9E1A46B66300B634C7 /* Sources */ = {
			isa = PBXSourcesBuildPhase;
			buildActionMask = 2147483647;
			files = (
				6D7F5EA91A46B66300B634C7 /* PDLogisticsTests.m in Sources */,
			);
			runOnlyForDeploymentPostprocessing = 0;
		};
/* End PBXSourcesBuildPhase section */

/* Begin PBXTargetDependency section */
		6D7F5EA41A46B66300B634C7 /* PBXTargetDependency */ = {
			isa = PBXTargetDependency;
			target = 6D7F5E881A46B66300B634C7 /* PDLogistics */;
			targetProxy = 6D7F5EA31A46B66300B634C7 /* PBXContainerItemProxy */;
		};
/* End PBXTargetDependency section */

/* Begin XCBuildConfiguration section */
		6D7F5EAA1A46B66300B634C7 /* Debug */ = {
			isa = XCBuildConfiguration;
			buildSettings = {
				ALWAYS_SEARCH_USER_PATHS = NO;
				CLANG_CXX_LANGUAGE_STANDARD = "gnu++0x";
				CLANG_CXX_LIBRARY = "libc++";
				CLANG_ENABLE_MODULES = YES;
				CLANG_ENABLE_OBJC_ARC = YES;
				CLANG_WARN_BOOL_CONVERSION = YES;
				CLANG_WARN_CONSTANT_CONVERSION = YES;
				CLANG_WARN_DIRECT_OBJC_ISA_USAGE = YES_ERROR;
				CLANG_WARN_EMPTY_BODY = YES;
				CLANG_WARN_ENUM_CONVERSION = YES;
				CLANG_WARN_INT_CONVERSION = YES;
				CLANG_WARN_OBJC_ROOT_CLASS = YES_ERROR;
				CLANG_WARN_UNREACHABLE_CODE = YES;
				CLANG_WARN__DUPLICATE_METHOD_MATCH = YES;
				"CODE_SIGN_IDENTITY[sdk=iphoneos*]" = "iPhone Developer";
				COPY_PHASE_STRIP = NO;
				ENABLE_STRICT_OBJC_MSGSEND = YES;
				GCC_C_LANGUAGE_STANDARD = gnu99;
				GCC_DYNAMIC_NO_PIC = NO;
				GCC_OPTIMIZATION_LEVEL = 0;
				GCC_PREPROCESSOR_DEFINITIONS = (
					"DEBUG=1",
					"$(inherited)",
				);
				GCC_SYMBOLS_PRIVATE_EXTERN = NO;
				GCC_WARN_64_TO_32_BIT_CONVERSION = YES;
				GCC_WARN_ABOUT_RETURN_TYPE = YES_ERROR;
				GCC_WARN_UNDECLARED_SELECTOR = YES;
				GCC_WARN_UNINITIALIZED_AUTOS = YES_AGGRESSIVE;
				GCC_WARN_UNUSED_FUNCTION = YES;
				GCC_WARN_UNUSED_VARIABLE = YES;
				IPHONEOS_DEPLOYMENT_TARGET = 8.1;
				MTL_ENABLE_DEBUG_INFO = YES;
				ONLY_ACTIVE_ARCH = YES;
				SDKROOT = iphoneos;
			};
			name = Debug;
		};
		6D7F5EAB1A46B66300B634C7 /* Release */ = {
			isa = XCBuildConfiguration;
			buildSettings = {
				ALWAYS_SEARCH_USER_PATHS = NO;
				CLANG_CXX_LANGUAGE_STANDARD = "gnu++0x";
				CLANG_CXX_LIBRARY = "libc++";
				CLANG_ENABLE_MODULES = YES;
				CLANG_ENABLE_OBJC_ARC = YES;
				CLANG_WARN_BOOL_CONVERSION = YES;
				CLANG_WARN_CONSTANT_CONVERSION = YES;
				CLANG_WARN_DIRECT_OBJC_ISA_USAGE = YES_ERROR;
				CLANG_WARN_EMPTY_BODY = YES;
				CLANG_WARN_ENUM_CONVERSION = YES;
				CLANG_WARN_INT_CONVERSION = YES;
				CLANG_WARN_OBJC_ROOT_CLASS = YES_ERROR;
				CLANG_WARN_UNREACHABLE_CODE = YES;
				CLANG_WARN__DUPLICATE_METHOD_MATCH = YES;
				"CODE_SIGN_IDENTITY[sdk=iphoneos*]" = "iPhone Developer";
				COPY_PHASE_STRIP = YES;
				ENABLE_NS_ASSERTIONS = NO;
				ENABLE_STRICT_OBJC_MSGSEND = YES;
				GCC_C_LANGUAGE_STANDARD = gnu99;
				GCC_WARN_64_TO_32_BIT_CONVERSION = YES;
				GCC_WARN_ABOUT_RETURN_TYPE = YES_ERROR;
				GCC_WARN_UNDECLARED_SELECTOR = YES;
				GCC_WARN_UNINITIALIZED_AUTOS = YES_AGGRESSIVE;
				GCC_WARN_UNUSED_FUNCTION = YES;
				GCC_WARN_UNUSED_VARIABLE = YES;
				IPHONEOS_DEPLOYMENT_TARGET = 8.1;
				MTL_ENABLE_DEBUG_INFO = NO;
				SDKROOT = iphoneos;
				VALIDATE_PRODUCT = YES;
			};
			name = Release;
		};
		6D7F5EAD1A46B66300B634C7 /* Debug */ = {
			isa = XCBuildConfiguration;
			buildSettings = {
				ASSETCATALOG_COMPILER_APPICON_NAME = AppIcon;
				INFOPLIST_FILE = PDLogistics/Info.plist;
				LD_RUNPATH_SEARCH_PATHS = "$(inherited) @executable_path/Frameworks";
				LIBRARY_SEARCH_PATHS = (
					"$(inherited)",
					/Users/zdf/Desktop/Sample/do/shangjia/decscsv/WorkSpace/PDSupplier/PDSupplier/Libs/JPush,
				);
				PRODUCT_NAME = "$(TARGET_NAME)";
			};
			name = Debug;
		};
		6D7F5EAE1A46B66300B634C7 /* Release */ = {
			isa = XCBuildConfiguration;
			buildSettings = {
				ASSETCATALOG_COMPILER_APPICON_NAME = AppIcon;
				CODE_SIGN_IDENTITY = "iPhone Distribution: zhen ming (3467K75D6X)";
				INFOPLIST_FILE = PDLogistics/Info.plist;
				LD_RUNPATH_SEARCH_PATHS = "$(inherited) @executable_path/Frameworks";
				LIBRARY_SEARCH_PATHS = (
					"$(inherited)",
					/Users/zdf/Desktop/Sample/do/shangjia/decscsv/WorkSpace/PDSupplier/PDSupplier/Libs/JPush,
				);
				PRODUCT_NAME = "$(TARGET_NAME)";
			};
			name = Release;
		};
		6D7F5EB01A46B66300B634C7 /* Debug */ = {
			isa = XCBuildConfiguration;
			buildSettings = {
				BUNDLE_LOADER = "$(TEST_HOST)";
				FRAMEWORK_SEARCH_PATHS = (
					"$(SDKROOT)/Developer/Library/Frameworks",
					"$(inherited)",
				);
				GCC_PREPROCESSOR_DEFINITIONS = (
					"DEBUG=1",
					"$(inherited)",
				);
				INFOPLIST_FILE = PDLogisticsTests/Info.plist;
				LD_RUNPATH_SEARCH_PATHS = "$(inherited) @executable_path/Frameworks @loader_path/Frameworks";
				PRODUCT_NAME = "$(TARGET_NAME)";
				TEST_HOST = "$(BUILT_PRODUCTS_DIR)/PDLogistics.app/PDLogistics";
			};
			name = Debug;
		};
		6D7F5EB11A46B66300B634C7 /* Release */ = {
			isa = XCBuildConfiguration;
			buildSettings = {
				BUNDLE_LOADER = "$(TEST_HOST)";
				FRAMEWORK_SEARCH_PATHS = (
					"$(SDKROOT)/Developer/Library/Frameworks",
					"$(inherited)",
				);
				INFOPLIST_FILE = PDLogisticsTests/Info.plist;
				LD_RUNPATH_SEARCH_PATHS = "$(inherited) @executable_path/Frameworks @loader_path/Frameworks";
				PRODUCT_NAME = "$(TARGET_NAME)";
				TEST_HOST = "$(BUILT_PRODUCTS_DIR)/PDLogistics.app/PDLogistics";
			};
			name = Release;
		};
/* End XCBuildConfiguration section */

/* Begin XCConfigurationList section */
		6D7F5E841A46B66300B634C7 /* Build configuration list for PBXProject "PDLogistics" */ = {
			isa = XCConfigurationList;
			buildConfigurations = (
				6D7F5EAA1A46B66300B634C7 /* Debug */,
				6D7F5EAB1A46B66300B634C7 /* Release */,
			);
			defaultConfigurationIsVisible = 0;
			defaultConfigurationName = Release;
		};
		6D7F5EAC1A46B66300B634C7 /* Build configuration list for PBXNativeTarget "PDLogistics" */ = {
			isa = XCConfigurationList;
			buildConfigurations = (
				6D7F5EAD1A46B66300B634C7 /* Debug */,
				6D7F5EAE1A46B66300B634C7 /* Release */,
			);
			defaultConfigurationIsVisible = 0;
			defaultConfigurationName = Release;
		};
		6D7F5EAF1A46B66300B634C7 /* Build configuration list for PBXNativeTarget "PDLogisticsTests" */ = {
			isa = XCConfigurationList;
			buildConfigurations = (
				6D7F5EB01A46B66300B634C7 /* Debug */,
				6D7F5EB11A46B66300B634C7 /* Release */,
			);
			defaultConfigurationIsVisible = 0;
			defaultConfigurationName = Release;
		};
/* End XCConfigurationList section */
	};
	rootObject = 6D7F5E811A46B66300B634C7 /* Project object */;
}
